// !$*UTF8*$!
{
	archiveVersion = 1;
	classes = {
	};
	objectVersion = 46;
	objects = {

/* Begin PBXBuildFile section */
		5853151D1C5E722500D6BFFD /* AppDelegate.m in Sources */ = {isa = PBXBuildFile; fileRef = 5853151C1C5E722500D6BFFD /* AppDelegate.m */; };
		585315201C5E722500D6BFFD /* main.m in Sources */ = {isa = PBXBuildFile; fileRef = 5853151F1C5E722500D6BFFD /* main.m */; };
		585315231C5E722500D6BFFD /* CaliProject.m in Sources */ = {isa = PBXBuildFile; fileRef = 585315221C5E722500D6BFFD /* CaliProject.m */; };
		585315281C5E722500D6BFFD /* Assets.xcassets in Resources */ = {isa = PBXBuildFile; fileRef = 585315271C5E722500D6BFFD /* Assets.xcassets */; };
		5853152B1C5E722500D6BFFD /* MainMenu.xib in Resources */ = {isa = PBXBuildFile; fileRef = 585315291C5E722500D6BFFD /* MainMenu.xib */; };
		585315361C5E722600D6BFFD /* DocumentDemoTests.m in Sources */ = {isa = PBXBuildFile; fileRef = 585315351C5E722600D6BFFD /* DocumentDemoTests.m */; };
		585315411C5E722600D6BFFD /* DocumentDemoUITests.m in Sources */ = {isa = PBXBuildFile; fileRef = 585315401C5E722600D6BFFD /* DocumentDemoUITests.m */; };
		58E13A531C5FBAB800BF1090 /* CaliProject.xib in Resources */ = {isa = PBXBuildFile; fileRef = 58E13A521C5FBAB800BF1090 /* CaliProject.xib */; settings = {ASSET_TAGS = (); }; };
		58E13A571C5FBE2E00BF1090 /* CaliSplitView.m in Sources */ = {isa = PBXBuildFile; fileRef = 58E13A561C5FBE2E00BF1090 /* CaliSplitView.m */; settings = {ASSET_TAGS = (); }; };
		58E13A5B1C5FBFFD00BF1090 /* CaliTableView.m in Sources */ = {isa = PBXBuildFile; fileRef = 58E13A5A1C5FBFFD00BF1090 /* CaliTableView.m */; settings = {ASSET_TAGS = (); }; };
		58E13A5E1C5FC0D800BF1090 /* CaliSearchField.m in Sources */ = {isa = PBXBuildFile; fileRef = 58E13A5D1C5FC0D800BF1090 /* CaliSearchField.m */; settings = {ASSET_TAGS = (); }; };
		58E13A611C5FC17400BF1090 /* CaliDummyView.m in Sources */ = {isa = PBXBuildFile; fileRef = 58E13A601C5FC17400BF1090 /* CaliDummyView.m */; settings = {ASSET_TAGS = (); }; };
		58E13A641C5FC2EC00BF1090 /* CaliGradientBackgroundView.m in Sources */ = {isa = PBXBuildFile; fileRef = 58E13A631C5FC2EC00BF1090 /* CaliGradientBackgroundView.m */; settings = {ASSET_TAGS = (); }; };
		58E13A671C5FC49B00BF1090 /* CaliProjectWindow.m in Sources */ = {isa = PBXBuildFile; fileRef = 58E13A661C5FC49B00BF1090 /* CaliProjectWindow.m */; settings = {ASSET_TAGS = (); }; };
		58E13A6A1C60D0C300BF1090 /* CaliBasicPerformer.m in Sources */ = {isa = PBXBuildFile; fileRef = 58E13A691C60D0C300BF1090 /* CaliBasicPerformer.m */; settings = {ASSET_TAGS = (); }; };
		58E13A7B1C61142C00BF1090 /* CaliDataModel4.xcdatamodeld in Sources */ = {isa = PBXBuildFile; fileRef = 58E13A771C61142C00BF1090 /* CaliDataModel4.xcdatamodeld */; settings = {ASSET_TAGS = (); }; };
		58E13A9F1C611A6D00BF1090 /* NSManagedObject+CoreDataProperties.m in Sources */ = {isa = PBXBuildFile; fileRef = 58E13A801C611A6D00BF1090 /* NSManagedObject+CoreDataProperties.m */; settings = {ASSET_TAGS = (); }; };
		58E13AA01C611A6D00BF1090 /* NSManagedObject.m in Sources */ = {isa = PBXBuildFile; fileRef = 58E13A821C611A6D00BF1090 /* NSManagedObject.m */; settings = {ASSET_TAGS = (); }; };
		58E13AA11C611A6D00BF1090 /* SMLEncodingManagedObject+CoreDataProperties.m in Sources */ = {isa = PBXBuildFile; fileRef = 58E13A841C611A6D00BF1090 /* SMLEncodingManagedObject+CoreDataProperties.m */; settings = {ASSET_TAGS = (); }; };
		58E13AA21C611A6D00BF1090 /* SMLEncodingManagedObject.m in Sources */ = {isa = PBXBuildFile; fileRef = 58E13A861C611A6D00BF1090 /* SMLEncodingManagedObject.m */; settings = {ASSET_TAGS = (); }; };
		58E13AA31C611A6D00BF1090 /* SMLSyntaxDefinitionManagedObject+CoreDataProperties.m in Sources */ = {isa = PBXBuildFile; fileRef = 58E13A881C611A6D00BF1090 /* SMLSyntaxDefinitionManagedObject+CoreDataProperties.m */; settings = {ASSET_TAGS = (); }; };
		58E13AA41C611A6D00BF1090 /* SMLSyntaxDefinitionManagedObject.m in Sources */ = {isa = PBXBuildFile; fileRef = 58E13A8A1C611A6D00BF1090 /* SMLSyntaxDefinitionManagedObject.m */; settings = {ASSET_TAGS = (); }; };
		58E13AA51C611A6D00BF1090 /* SMLSnippetManagedObject+CoreDataProperties.m in Sources */ = {isa = PBXBuildFile; fileRef = 58E13A8C1C611A6D00BF1090 /* SMLSnippetManagedObject+CoreDataProperties.m */; settings = {ASSET_TAGS = (); }; };
		58E13AA61C611A6D00BF1090 /* SMLSnippetManagedObject.m in Sources */ = {isa = PBXBuildFile; fileRef = 58E13A8E1C611A6D00BF1090 /* SMLSnippetManagedObject.m */; settings = {ASSET_TAGS = (); }; };
		58E13AA71C611A6D00BF1090 /* SMLCommandCollectionManagedObject+CoreDataProperties.m in Sources */ = {isa = PBXBuildFile; fileRef = 58E13A901C611A6D00BF1090 /* SMLCommandCollectionManagedObject+CoreDataProperties.m */; settings = {ASSET_TAGS = (); }; };
		58E13AA81C611A6D00BF1090 /* SMLCommandCollectionManagedObject.m in Sources */ = {isa = PBXBuildFile; fileRef = 58E13A921C611A6D00BF1090 /* SMLCommandCollectionManagedObject.m */; settings = {ASSET_TAGS = (); }; };
		58E13AA91C611A6D00BF1090 /* SMLDocumentManagedObject+CoreDataProperties.m in Sources */ = {isa = PBXBuildFile; fileRef = 58E13A941C611A6D00BF1090 /* SMLDocumentManagedObject+CoreDataProperties.m */; settings = {ASSET_TAGS = (); }; };
		58E13AAA1C611A6D00BF1090 /* SMLDocumentManagedObject.m in Sources */ = {isa = PBXBuildFile; fileRef = 58E13A961C611A6D00BF1090 /* SMLDocumentManagedObject.m */; settings = {ASSET_TAGS = (); }; };
		58E13AAB1C611A6D00BF1090 /* SMLCommandManagedObject+CoreDataProperties.m in Sources */ = {isa = PBXBuildFile; fileRef = 58E13A981C611A6D00BF1090 /* SMLCommandManagedObject+CoreDataProperties.m */; settings = {ASSET_TAGS = (); }; };
		58E13AAC1C611A6D00BF1090 /* SMLCommandManagedObject.m in Sources */ = {isa = PBXBuildFile; fileRef = 58E13A9A1C611A6D00BF1090 /* SMLCommandManagedObject.m */; settings = {ASSET_TAGS = (); }; };
		58E13AAD1C611A6D00BF1090 /* SMLSnippetCollectionManagedObject+CoreDataProperties.m in Sources */ = {isa = PBXBuildFile; fileRef = 58E13A9C1C611A6D00BF1090 /* SMLSnippetCollectionManagedObject+CoreDataProperties.m */; settings = {ASSET_TAGS = (); }; };
		58E13AAE1C611A6D00BF1090 /* SMLSnippetCollectionManagedObject.m in Sources */ = {isa = PBXBuildFile; fileRef = 58E13A9E1C611A6D00BF1090 /* SMLSnippetCollectionManagedObject.m */; settings = {ASSET_TAGS = (); }; };
/* End PBXBuildFile section */

/* Begin PBXContainerItemProxy section */
		585315321C5E722600D6BFFD /* PBXContainerItemProxy */ = {
			isa = PBXContainerItemProxy;
			containerPortal = 585315101C5E722500D6BFFD /* Project object */;
			proxyType = 1;
			remoteGlobalIDString = 585315171C5E722500D6BFFD;
			remoteInfo = DocumentDemo;
		};
		5853153D1C5E722600D6BFFD /* PBXContainerItemProxy */ = {
			isa = PBXContainerItemProxy;
			containerPortal = 585315101C5E722500D6BFFD /* Project object */;
			proxyType = 1;
			remoteGlobalIDString = 585315171C5E722500D6BFFD;
			remoteInfo = DocumentDemo;
		};
/* End PBXContainerItemProxy section */

/* Begin PBXFileReference section */
		585315181C5E722500D6BFFD /* DocumentDemo.app */ = {isa = PBXFileReference; explicitFileType = wrapper.application; includeInIndex = 0; path = DocumentDemo.app; sourceTree = BUILT_PRODUCTS_DIR; };
		5853151B1C5E722500D6BFFD /* AppDelegate.h */ = {isa = PBXFileReference; lastKnownFileType = sourcecode.c.h; path = AppDelegate.h; sourceTree = "<group>"; };
		5853151C1C5E722500D6BFFD /* AppDelegate.m */ = {isa = PBXFileReference; lastKnownFileType = sourcecode.c.objc; path = AppDelegate.m; sourceTree = "<group>"; };
		5853151F1C5E722500D6BFFD /* main.m */ = {isa = PBXFileReference; lastKnownFileType = sourcecode.c.objc; path = main.m; sourceTree = "<group>"; };
		585315211C5E722500D6BFFD /* CaliProject.h */ = {isa = PBXFileReference; lastKnownFileType = sourcecode.c.h; path = CaliProject.h; sourceTree = "<group>"; };
		585315221C5E722500D6BFFD /* CaliProject.m */ = {isa = PBXFileReference; lastKnownFileType = sourcecode.c.objc; path = CaliProject.m; sourceTree = "<group>"; };
		585315271C5E722500D6BFFD /* Assets.xcassets */ = {isa = PBXFileReference; lastKnownFileType = folder.assetcatalog; path = Assets.xcassets; sourceTree = "<group>"; };
		5853152A1C5E722500D6BFFD /* Base */ = {isa = PBXFileReference; lastKnownFileType = file.xib; name = Base; path = Base.lproj/MainMenu.xib; sourceTree = "<group>"; };
		5853152C1C5E722500D6BFFD /* Info.plist */ = {isa = PBXFileReference; lastKnownFileType = text.plist.xml; path = Info.plist; sourceTree = "<group>"; };
		585315311C5E722600D6BFFD /* DocumentDemoTests.xctest */ = {isa = PBXFileReference; explicitFileType = wrapper.cfbundle; includeInIndex = 0; path = DocumentDemoTests.xctest; sourceTree = BUILT_PRODUCTS_DIR; };
		585315351C5E722600D6BFFD /* DocumentDemoTests.m */ = {isa = PBXFileReference; lastKnownFileType = sourcecode.c.objc; path = DocumentDemoTests.m; sourceTree = "<group>"; };
		585315371C5E722600D6BFFD /* Info.plist */ = {isa = PBXFileReference; lastKnownFileType = text.plist.xml; path = Info.plist; sourceTree = "<group>"; };
		5853153C1C5E722600D6BFFD /* DocumentDemoUITests.xctest */ = {isa = PBXFileReference; explicitFileType = wrapper.cfbundle; includeInIndex = 0; path = DocumentDemoUITests.xctest; sourceTree = BUILT_PRODUCTS_DIR; };
		585315401C5E722600D6BFFD /* DocumentDemoUITests.m */ = {isa = PBXFileReference; lastKnownFileType = sourcecode.c.objc; path = DocumentDemoUITests.m; sourceTree = "<group>"; };
		585315421C5E722600D6BFFD /* Info.plist */ = {isa = PBXFileReference; lastKnownFileType = text.plist.xml; path = Info.plist; sourceTree = "<group>"; };
		58E13A521C5FBAB800BF1090 /* CaliProject.xib */ = {isa = PBXFileReference; fileEncoding = 4; lastKnownFileType = file.xib; path = CaliProject.xib; sourceTree = "<group>"; };
		58E13A551C5FBE2E00BF1090 /* CaliSplitView.h */ = {isa = PBXFileReference; fileEncoding = 4; lastKnownFileType = sourcecode.c.h; path = CaliSplitView.h; sourceTree = "<group>"; };
		58E13A561C5FBE2E00BF1090 /* CaliSplitView.m */ = {isa = PBXFileReference; fileEncoding = 4; lastKnownFileType = sourcecode.c.objc; path = CaliSplitView.m; sourceTree = "<group>"; };
		58E13A591C5FBFFD00BF1090 /* CaliTableView.h */ = {isa = PBXFileReference; fileEncoding = 4; lastKnownFileType = sourcecode.c.h; path = CaliTableView.h; sourceTree = "<group>"; };
		58E13A5A1C5FBFFD00BF1090 /* CaliTableView.m */ = {isa = PBXFileReference; fileEncoding = 4; lastKnownFileType = sourcecode.c.objc; path = CaliTableView.m; sourceTree = "<group>"; };
		58E13A5C1C5FC0D800BF1090 /* CaliSearchField.h */ = {isa = PBXFileReference; fileEncoding = 4; lastKnownFileType = sourcecode.c.h; path = CaliSearchField.h; sourceTree = "<group>"; };
		58E13A5D1C5FC0D800BF1090 /* CaliSearchField.m */ = {isa = PBXFileReference; fileEncoding = 4; lastKnownFileType = sourcecode.c.objc; path = CaliSearchField.m; sourceTree = "<group>"; };
		58E13A5F1C5FC17400BF1090 /* CaliDummyView.h */ = {isa = PBXFileReference; fileEncoding = 4; lastKnownFileType = sourcecode.c.h; path = CaliDummyView.h; sourceTree = "<group>"; };
		58E13A601C5FC17400BF1090 /* CaliDummyView.m */ = {isa = PBXFileReference; fileEncoding = 4; lastKnownFileType = sourcecode.c.objc; path = CaliDummyView.m; sourceTree = "<group>"; };
		58E13A621C5FC2EC00BF1090 /* CaliGradientBackgroundView.h */ = {isa = PBXFileReference; fileEncoding = 4; lastKnownFileType = sourcecode.c.h; path = CaliGradientBackgroundView.h; sourceTree = "<group>"; };
		58E13A631C5FC2EC00BF1090 /* CaliGradientBackgroundView.m */ = {isa = PBXFileReference; fileEncoding = 4; lastKnownFileType = sourcecode.c.objc; path = CaliGradientBackgroundView.m; sourceTree = "<group>"; };
		58E13A651C5FC49B00BF1090 /* CaliProjectWindow.h */ = {isa = PBXFileReference; fileEncoding = 4; lastKnownFileType = sourcecode.c.h; path = CaliProjectWindow.h; sourceTree = "<group>"; };
		58E13A661C5FC49B00BF1090 /* CaliProjectWindow.m */ = {isa = PBXFileReference; fileEncoding = 4; lastKnownFileType = sourcecode.c.objc; path = CaliProjectWindow.m; sourceTree = "<group>"; };
		58E13A681C60D0C300BF1090 /* CaliBasicPerformer.h */ = {isa = PBXFileReference; fileEncoding = 4; lastKnownFileType = sourcecode.c.h; path = CaliBasicPerformer.h; sourceTree = "<group>"; };
		58E13A691C60D0C300BF1090 /* CaliBasicPerformer.m */ = {isa = PBXFileReference; fileEncoding = 4; lastKnownFileType = sourcecode.c.objc; path = CaliBasicPerformer.m; sourceTree = "<group>"; };
		58E13A6B1C60D1DE00BF1090 /* CaliStandardHeader.h */ = {isa = PBXFileReference; fileEncoding = 4; lastKnownFileType = sourcecode.c.h; path = CaliStandardHeader.h; sourceTree = "<group>"; };
		58E13A781C61142C00BF1090 /* CaliDataModel 2.xcdatamodel */ = {isa = PBXFileReference; lastKnownFileType = wrapper.xcdatamodel; path = "CaliDataModel 2.xcdatamodel"; sourceTree = "<group>"; };
		58E13A791C61142C00BF1090 /* CaliDataModel3.xcdatamodel */ = {isa = PBXFileReference; lastKnownFileType = wrapper.xcdatamodel; path = CaliDataModel3.xcdatamodel; sourceTree = "<group>"; };
		58E13A7A1C61142C00BF1090 /* CaliDataModel4.xcdatamodel */ = {isa = PBXFileReference; lastKnownFileType = wrapper.xcdatamodel; path = CaliDataModel4.xcdatamodel; sourceTree = "<group>"; };
		58E13A7F1C611A6D00BF1090 /* NSManagedObject+CoreDataProperties.h */ = {isa = PBXFileReference; fileEncoding = 4; lastKnownFileType = sourcecode.c.h; path = "NSManagedObject+CoreDataProperties.h"; sourceTree = "<group>"; };
		58E13A801C611A6D00BF1090 /* NSManagedObject+CoreDataProperties.m */ = {isa = PBXFileReference; fileEncoding = 4; lastKnownFileType = sourcecode.c.objc; path = "NSManagedObject+CoreDataProperties.m"; sourceTree = "<group>"; };
		58E13A811C611A6D00BF1090 /* NSManagedObject.h */ = {isa = PBXFileReference; fileEncoding = 4; lastKnownFileType = sourcecode.c.h; path = NSManagedObject.h; sourceTree = "<group>"; };
		58E13A821C611A6D00BF1090 /* NSManagedObject.m */ = {isa = PBXFileReference; fileEncoding = 4; lastKnownFileType = sourcecode.c.objc; path = NSManagedObject.m; sourceTree = "<group>"; };
		58E13A831C611A6D00BF1090 /* SMLEncodingManagedObject+CoreDataProperties.h */ = {isa = PBXFileReference; fileEncoding = 4; lastKnownFileType = sourcecode.c.h; path = "SMLEncodingManagedObject+CoreDataProperties.h"; sourceTree = "<group>"; };
		58E13A841C611A6D00BF1090 /* SMLEncodingManagedObject+CoreDataProperties.m */ = {isa = PBXFileReference; fileEncoding = 4; lastKnownFileType = sourcecode.c.objc; path = "SMLEncodingManagedObject+CoreDataProperties.m"; sourceTree = "<group>"; };
		58E13A851C611A6D00BF1090 /* SMLEncodingManagedObject.h */ = {isa = PBXFileReference; fileEncoding = 4; lastKnownFileType = sourcecode.c.h; path = SMLEncodingManagedObject.h; sourceTree = "<group>"; };
		58E13A861C611A6D00BF1090 /* SMLEncodingManagedObject.m */ = {isa = PBXFileReference; fileEncoding = 4; lastKnownFileType = sourcecode.c.objc; path = SMLEncodingManagedObject.m; sourceTree = "<group>"; };
		58E13A871C611A6D00BF1090 /* SMLSyntaxDefinitionManagedObject+CoreDataProperties.h */ = {isa = PBXFileReference; fileEncoding = 4; lastKnownFileType = sourcecode.c.h; path = "SMLSyntaxDefinitionManagedObject+CoreDataProperties.h"; sourceTree = "<group>"; };
		58E13A881C611A6D00BF1090 /* SMLSyntaxDefinitionManagedObject+CoreDataProperties.m */ = {isa = PBXFileReference; fileEncoding = 4; lastKnownFileType = sourcecode.c.objc; path = "SMLSyntaxDefinitionManagedObject+CoreDataProperties.m"; sourceTree = "<group>"; };
		58E13A891C611A6D00BF1090 /* SMLSyntaxDefinitionManagedObject.h */ = {isa = PBXFileReference; fileEncoding = 4; lastKnownFileType = sourcecode.c.h; path = SMLSyntaxDefinitionManagedObject.h; sourceTree = "<group>"; };
		58E13A8A1C611A6D00BF1090 /* SMLSyntaxDefinitionManagedObject.m */ = {isa = PBXFileReference; fileEncoding = 4; lastKnownFileType = sourcecode.c.objc; path = SMLSyntaxDefinitionManagedObject.m; sourceTree = "<group>"; };
		58E13A8B1C611A6D00BF1090 /* SMLSnippetManagedObject+CoreDataProperties.h */ = {isa = PBXFileReference; fileEncoding = 4; lastKnownFileType = sourcecode.c.h; path = "SMLSnippetManagedObject+CoreDataProperties.h"; sourceTree = "<group>"; };
		58E13A8C1C611A6D00BF1090 /* SMLSnippetManagedObject+CoreDataProperties.m */ = {isa = PBXFileReference; fileEncoding = 4; lastKnownFileType = sourcecode.c.objc; path = "SMLSnippetManagedObject+CoreDataProperties.m"; sourceTree = "<group>"; };
		58E13A8D1C611A6D00BF1090 /* SMLSnippetManagedObject.h */ = {isa = PBXFileReference; fileEncoding = 4; lastKnownFileType = sourcecode.c.h; path = SMLSnippetManagedObject.h; sourceTree = "<group>"; };
		58E13A8E1C611A6D00BF1090 /* SMLSnippetManagedObject.m */ = {isa = PBXFileReference; fileEncoding = 4; lastKnownFileType = sourcecode.c.objc; path = SMLSnippetManagedObject.m; sourceTree = "<group>"; };
		58E13A8F1C611A6D00BF1090 /* SMLCommandCollectionManagedObject+CoreDataProperties.h */ = {isa = PBXFileReference; fileEncoding = 4; lastKnownFileType = sourcecode.c.h; path = "SMLCommandCollectionManagedObject+CoreDataProperties.h"; sourceTree = "<group>"; };
		58E13A901C611A6D00BF1090 /* SMLCommandCollectionManagedObject+CoreDataProperties.m */ = {isa = PBXFileReference; fileEncoding = 4; lastKnownFileType = sourcecode.c.objc; path = "SMLCommandCollectionManagedObject+CoreDataProperties.m"; sourceTree = "<group>"; };
		58E13A911C611A6D00BF1090 /* SMLCommandCollectionManagedObject.h */ = {isa = PBXFileReference; fileEncoding = 4; lastKnownFileType = sourcecode.c.h; path = SMLCommandCollectionManagedObject.h; sourceTree = "<group>"; };
		58E13A921C611A6D00BF1090 /* SMLCommandCollectionManagedObject.m */ = {isa = PBXFileReference; fileEncoding = 4; lastKnownFileType = sourcecode.c.objc; path = SMLCommandCollectionManagedObject.m; sourceTree = "<group>"; };
		58E13A931C611A6D00BF1090 /* SMLDocumentManagedObject+CoreDataProperties.h */ = {isa = PBXFileReference; fileEncoding = 4; lastKnownFileType = sourcecode.c.h; path = "SMLDocumentManagedObject+CoreDataProperties.h"; sourceTree = "<group>"; };
		58E13A941C611A6D00BF1090 /* SMLDocumentManagedObject+CoreDataProperties.m */ = {isa = PBXFileReference; fileEncoding = 4; lastKnownFileType = sourcecode.c.objc; path = "SMLDocumentManagedObject+CoreDataProperties.m"; sourceTree = "<group>"; };
		58E13A951C611A6D00BF1090 /* SMLDocumentManagedObject.h */ = {isa = PBXFileReference; fileEncoding = 4; lastKnownFileType = sourcecode.c.h; path = SMLDocumentManagedObject.h; sourceTree = "<group>"; };
		58E13A961C611A6D00BF1090 /* SMLDocumentManagedObject.m */ = {isa = PBXFileReference; fileEncoding = 4; lastKnownFileType = sourcecode.c.objc; path = SMLDocumentManagedObject.m; sourceTree = "<group>"; };
		58E13A971C611A6D00BF1090 /* SMLCommandManagedObject+CoreDataProperties.h */ = {isa = PBXFileReference; fileEncoding = 4; lastKnownFileType = sourcecode.c.h; path = "SMLCommandManagedObject+CoreDataProperties.h"; sourceTree = "<group>"; };
		58E13A981C611A6D00BF1090 /* SMLCommandManagedObject+CoreDataProperties.m */ = {isa = PBXFileReference; fileEncoding = 4; lastKnownFileType = sourcecode.c.objc; path = "SMLCommandManagedObject+CoreDataProperties.m"; sourceTree = "<group>"; };
		58E13A991C611A6D00BF1090 /* SMLCommandManagedObject.h */ = {isa = PBXFileReference; fileEncoding = 4; lastKnownFileType = sourcecode.c.h; path = SMLCommandManagedObject.h; sourceTree = "<group>"; };
		58E13A9A1C611A6D00BF1090 /* SMLCommandManagedObject.m */ = {isa = PBXFileReference; fileEncoding = 4; lastKnownFileType = sourcecode.c.objc; path = SMLCommandManagedObject.m; sourceTree = "<group>"; };
		58E13A9B1C611A6D00BF1090 /* SMLSnippetCollectionManagedObject+CoreDataProperties.h */ = {isa = PBXFileReference; fileEncoding = 4; lastKnownFileType = sourcecode.c.h; path = "SMLSnippetCollectionManagedObject+CoreDataProperties.h"; sourceTree = "<group>"; };
		58E13A9C1C611A6D00BF1090 /* SMLSnippetCollectionManagedObject+CoreDataProperties.m */ = {isa = PBXFileReference; fileEncoding = 4; lastKnownFileType = sourcecode.c.objc; path = "SMLSnippetCollectionManagedObject+CoreDataProperties.m"; sourceTree = "<group>"; };
		58E13A9D1C611A6D00BF1090 /* SMLSnippetCollectionManagedObject.h */ = {isa = PBXFileReference; fileEncoding = 4; lastKnownFileType = sourcecode.c.h; path = SMLSnippetCollectionManagedObject.h; sourceTree = "<group>"; };
		58E13A9E1C611A6D00BF1090 /* SMLSnippetCollectionManagedObject.m */ = {isa = PBXFileReference; fileEncoding = 4; lastKnownFileType = sourcecode.c.objc; path = SMLSnippetCollectionManagedObject.m; sourceTree = "<group>"; };
/* End PBXFileReference section */

/* Begin PBXFrameworksBuildPhase section */
		585315151C5E722500D6BFFD /* Frameworks */ = {
			isa = PBXFrameworksBuildPhase;
			buildActionMask = 2147483647;
			files = (
			);
			runOnlyForDeploymentPostprocessing = 0;
		};
		5853152E1C5E722600D6BFFD /* Frameworks */ = {
			isa = PBXFrameworksBuildPhase;
			buildActionMask = 2147483647;
			files = (
			);
			runOnlyForDeploymentPostprocessing = 0;
		};
		585315391C5E722600D6BFFD /* Frameworks */ = {
			isa = PBXFrameworksBuildPhase;
			buildActionMask = 2147483647;
			files = (
			);
			runOnlyForDeploymentPostprocessing = 0;
		};
/* End PBXFrameworksBuildPhase section */

/* Begin PBXGroup section */
		5853150F1C5E722500D6BFFD = {
			isa = PBXGroup;
			children = (
				58E13A7F1C611A6D00BF1090 /* NSManagedObject+CoreDataProperties.h */,
				58E13A801C611A6D00BF1090 /* NSManagedObject+CoreDataProperties.m */,
				58E13A811C611A6D00BF1090 /* NSManagedObject.h */,
				58E13A821C611A6D00BF1090 /* NSManagedObject.m */,
				58E13A831C611A6D00BF1090 /* SMLEncodingManagedObject+CoreDataProperties.h */,
				58E13A841C611A6D00BF1090 /* SMLEncodingManagedObject+CoreDataProperties.m */,
				58E13A851C611A6D00BF1090 /* SMLEncodingManagedObject.h */,
				58E13A861C611A6D00BF1090 /* SMLEncodingManagedObject.m */,
				58E13A871C611A6D00BF1090 /* SMLSyntaxDefinitionManagedObject+CoreDataProperties.h */,
				58E13A881C611A6D00BF1090 /* SMLSyntaxDefinitionManagedObject+CoreDataProperties.m */,
				58E13A891C611A6D00BF1090 /* SMLSyntaxDefinitionManagedObject.h */,
				58E13A8A1C611A6D00BF1090 /* SMLSyntaxDefinitionManagedObject.m */,
				58E13A8B1C611A6D00BF1090 /* SMLSnippetManagedObject+CoreDataProperties.h */,
				58E13A8C1C611A6D00BF1090 /* SMLSnippetManagedObject+CoreDataProperties.m */,
				58E13A8D1C611A6D00BF1090 /* SMLSnippetManagedObject.h */,
				58E13A8E1C611A6D00BF1090 /* SMLSnippetManagedObject.m */,
				58E13A8F1C611A6D00BF1090 /* SMLCommandCollectionManagedObject+CoreDataProperties.h */,
				58E13A901C611A6D00BF1090 /* SMLCommandCollectionManagedObject+CoreDataProperties.m */,
				58E13A911C611A6D00BF1090 /* SMLCommandCollectionManagedObject.h */,
				58E13A921C611A6D00BF1090 /* SMLCommandCollectionManagedObject.m */,
				58E13A931C611A6D00BF1090 /* SMLDocumentManagedObject+CoreDataProperties.h */,
				58E13A941C611A6D00BF1090 /* SMLDocumentManagedObject+CoreDataProperties.m */,
				58E13A951C611A6D00BF1090 /* SMLDocumentManagedObject.h */,
				58E13A961C611A6D00BF1090 /* SMLDocumentManagedObject.m */,
				58E13A971C611A6D00BF1090 /* SMLCommandManagedObject+CoreDataProperties.h */,
				58E13A981C611A6D00BF1090 /* SMLCommandManagedObject+CoreDataProperties.m */,
				58E13A991C611A6D00BF1090 /* SMLCommandManagedObject.h */,
				58E13A9A1C611A6D00BF1090 /* SMLCommandManagedObject.m */,
				58E13A9B1C611A6D00BF1090 /* SMLSnippetCollectionManagedObject+CoreDataProperties.h */,
				58E13A9C1C611A6D00BF1090 /* SMLSnippetCollectionManagedObject+CoreDataProperties.m */,
				58E13A9D1C611A6D00BF1090 /* SMLSnippetCollectionManagedObject.h */,
				58E13A9E1C611A6D00BF1090 /* SMLSnippetCollectionManagedObject.m */,
				58E13A711C61093300BF1090 /* Models */,
				5853151A1C5E722500D6BFFD /* DocumentDemo */,
				585315341C5E722600D6BFFD /* DocumentDemoTests */,
				5853153F1C5E722600D6BFFD /* DocumentDemoUITests */,
				585315191C5E722500D6BFFD /* Products */,
			);
			sourceTree = "<group>";
		};
		585315191C5E722500D6BFFD /* Products */ = {
			isa = PBXGroup;
			children = (
				585315181C5E722500D6BFFD /* DocumentDemo.app */,
				585315311C5E722600D6BFFD /* DocumentDemoTests.xctest */,
				5853153C1C5E722600D6BFFD /* DocumentDemoUITests.xctest */,
			);
			name = Products;
			sourceTree = "<group>";
		};
		5853151A1C5E722500D6BFFD /* DocumentDemo */ = {
			isa = PBXGroup;
			children = (
				58E13A541C5FBDF500BF1090 /* Classes */,
				58E13A521C5FBAB800BF1090 /* CaliProject.xib */,
				5853151B1C5E722500D6BFFD /* AppDelegate.h */,
				5853151C1C5E722500D6BFFD /* AppDelegate.m */,
				585315211C5E722500D6BFFD /* CaliProject.h */,
				585315221C5E722500D6BFFD /* CaliProject.m */,
				585315271C5E722500D6BFFD /* Assets.xcassets */,
				585315291C5E722500D6BFFD /* MainMenu.xib */,
				5853152C1C5E722500D6BFFD /* Info.plist */,
				5853151E1C5E722500D6BFFD /* Supporting Files */,
			);
			path = DocumentDemo;
			sourceTree = "<group>";
		};
		5853151E1C5E722500D6BFFD /* Supporting Files */ = {
			isa = PBXGroup;
			children = (
				5853151F1C5E722500D6BFFD /* main.m */,
			);
			name = "Supporting Files";
			sourceTree = "<group>";
		};
		585315341C5E722600D6BFFD /* DocumentDemoTests */ = {
			isa = PBXGroup;
			children = (
				585315351C5E722600D6BFFD /* DocumentDemoTests.m */,
				585315371C5E722600D6BFFD /* Info.plist */,
			);
			path = DocumentDemoTests;
			sourceTree = "<group>";
		};
		5853153F1C5E722600D6BFFD /* DocumentDemoUITests */ = {
			isa = PBXGroup;
			children = (
				585315401C5E722600D6BFFD /* DocumentDemoUITests.m */,
				585315421C5E722600D6BFFD /* Info.plist */,
			);
			path = DocumentDemoUITests;
			sourceTree = "<group>";
		};
		58E13A541C5FBDF500BF1090 /* Classes */ = {
			isa = PBXGroup;
			children = (
				58E13A581C5FBE3600BF1090 /* Headers */,
				58E13A561C5FBE2E00BF1090 /* CaliSplitView.m */,
				58E13A5A1C5FBFFD00BF1090 /* CaliTableView.m */,
				58E13A5D1C5FC0D800BF1090 /* CaliSearchField.m */,
				58E13A601C5FC17400BF1090 /* CaliDummyView.m */,
				58E13A631C5FC2EC00BF1090 /* CaliGradientBackgroundView.m */,
				58E13A661C5FC49B00BF1090 /* CaliProjectWindow.m */,
				58E13A691C60D0C300BF1090 /* CaliBasicPerformer.m */,
			);
			name = Classes;
			sourceTree = "<group>";
		};
		58E13A581C5FBE3600BF1090 /* Headers */ = {
			isa = PBXGroup;
			children = (
				58E13A551C5FBE2E00BF1090 /* CaliSplitView.h */,
				58E13A591C5FBFFD00BF1090 /* CaliTableView.h */,
				58E13A5C1C5FC0D800BF1090 /* CaliSearchField.h */,
				58E13A5F1C5FC17400BF1090 /* CaliDummyView.h */,
				58E13A621C5FC2EC00BF1090 /* CaliGradientBackgroundView.h */,
				58E13A651C5FC49B00BF1090 /* CaliProjectWindow.h */,
				58E13A681C60D0C300BF1090 /* CaliBasicPerformer.h */,
				58E13A6B1C60D1DE00BF1090 /* CaliStandardHeader.h */,
			);
			name = Headers;
			sourceTree = "<group>";
		};
		58E13A711C61093300BF1090 /* Models */ = {
			isa = PBXGroup;
			children = (
				58E13A771C61142C00BF1090 /* CaliDataModel4.xcdatamodeld */,
			);
			name = Models;
			sourceTree = "<group>";
		};
/* End PBXGroup section */

/* Begin PBXNativeTarget section */
		585315171C5E722500D6BFFD /* DocumentDemo */ = {
			isa = PBXNativeTarget;
			buildConfigurationList = 585315451C5E722600D6BFFD /* Build configuration list for PBXNativeTarget "DocumentDemo" */;
			buildPhases = (
				585315141C5E722500D6BFFD /* Sources */,
				585315151C5E722500D6BFFD /* Frameworks */,
				585315161C5E722500D6BFFD /* Resources */,
			);
			buildRules = (
			);
			dependencies = (
			);
			name = DocumentDemo;
			productName = DocumentDemo;
			productReference = 585315181C5E722500D6BFFD /* DocumentDemo.app */;
			productType = "com.apple.product-type.application";
		};
		585315301C5E722600D6BFFD /* DocumentDemoTests */ = {
			isa = PBXNativeTarget;
			buildConfigurationList = 585315481C5E722600D6BFFD /* Build configuration list for PBXNativeTarget "DocumentDemoTests" */;
			buildPhases = (
				5853152D1C5E722600D6BFFD /* Sources */,
				5853152E1C5E722600D6BFFD /* Frameworks */,
				5853152F1C5E722600D6BFFD /* Resources */,
			);
			buildRules = (
			);
			dependencies = (
				585315331C5E722600D6BFFD /* PBXTargetDependency */,
			);
			name = DocumentDemoTests;
			productName = DocumentDemoTests;
			productReference = 585315311C5E722600D6BFFD /* DocumentDemoTests.xctest */;
			productType = "com.apple.product-type.bundle.unit-test";
		};
		5853153B1C5E722600D6BFFD /* DocumentDemoUITests */ = {
			isa = PBXNativeTarget;
			buildConfigurationList = 5853154B1C5E722600D6BFFD /* Build configuration list for PBXNativeTarget "DocumentDemoUITests" */;
			buildPhases = (
				585315381C5E722600D6BFFD /* Sources */,
				585315391C5E722600D6BFFD /* Frameworks */,
				5853153A1C5E722600D6BFFD /* Resources */,
			);
			buildRules = (
			);
			dependencies = (
				5853153E1C5E722600D6BFFD /* PBXTargetDependency */,
			);
			name = DocumentDemoUITests;
			productName = DocumentDemoUITests;
			productReference = 5853153C1C5E722600D6BFFD /* DocumentDemoUITests.xctest */;
			productType = "com.apple.product-type.bundle.ui-testing";
		};
/* End PBXNativeTarget section */

/* Begin PBXProject section */
		585315101C5E722500D6BFFD /* Project object */ = {
			isa = PBXProject;
			attributes = {
				LastUpgradeCheck = 0700;
				ORGANIZATIONNAME = liqun.wu;
				TargetAttributes = {
					585315171C5E722500D6BFFD = {
						CreatedOnToolsVersion = 7.0;
					};
					585315301C5E722600D6BFFD = {
						CreatedOnToolsVersion = 7.0;
						TestTargetID = 585315171C5E722500D6BFFD;
					};
					5853153B1C5E722600D6BFFD = {
						CreatedOnToolsVersion = 7.0;
						TestTargetID = 585315171C5E722500D6BFFD;
					};
				};
			};
			buildConfigurationList = 585315131C5E722500D6BFFD /* Build configuration list for PBXProject "DocumentDemo" */;
			compatibilityVersion = "Xcode 3.2";
			developmentRegion = English;
			hasScannedForEncodings = 0;
			knownRegions = (
				en,
				Base,
			);
			mainGroup = 5853150F1C5E722500D6BFFD;
			productRefGroup = 585315191C5E722500D6BFFD /* Products */;
			projectDirPath = "";
			projectRoot = "";
			targets = (
				585315171C5E722500D6BFFD /* DocumentDemo */,
				585315301C5E722600D6BFFD /* DocumentDemoTests */,
				5853153B1C5E722600D6BFFD /* DocumentDemoUITests */,
			);
		};
/* End PBXProject section */

/* Begin PBXResourcesBuildPhase section */
		585315161C5E722500D6BFFD /* Resources */ = {
			isa = PBXResourcesBuildPhase;
			buildActionMask = 2147483647;
			files = (
				585315281C5E722500D6BFFD /* Assets.xcassets in Resources */,
				58E13A531C5FBAB800BF1090 /* CaliProject.xib in Resources */,
				5853152B1C5E722500D6BFFD /* MainMenu.xib in Resources */,
			);
			runOnlyForDeploymentPostprocessing = 0;
		};
		5853152F1C5E722600D6BFFD /* Resources */ = {
			isa = PBXResourcesBuildPhase;
			buildActionMask = 2147483647;
			files = (
			);
			runOnlyForDeploymentPostprocessing = 0;
		};
		5853153A1C5E722600D6BFFD /* Resources */ = {
			isa = PBXResourcesBuildPhase;
			buildActionMask = 2147483647;
			files = (
			);
			runOnlyForDeploymentPostprocessing = 0;
		};
/* End PBXResourcesBuildPhase section */

/* Begin PBXSourcesBuildPhase section */
		585315141C5E722500D6BFFD /* Sources */ = {
			isa = PBXSourcesBuildPhase;
			buildActionMask = 2147483647;
			files = (
				58E13AA11C611A6D00BF1090 /* SMLEncodingManagedObject+CoreDataProperties.m in Sources */,
				58E13AA61C611A6D00BF1090 /* SMLSnippetManagedObject.m in Sources */,
				58E13AA81C611A6D00BF1090 /* SMLCommandCollectionManagedObject.m in Sources */,
				58E13AAD1C611A6D00BF1090 /* SMLSnippetCollectionManagedObject+CoreDataProperties.m in Sources */,
				58E13AA01C611A6D00BF1090 /* NSManagedObject.m in Sources */,
				585315231C5E722500D6BFFD /* CaliProject.m in Sources */,
				58E13AA41C611A6D00BF1090 /* SMLSyntaxDefinitionManagedObject.m in Sources */,
				58E13AA91C611A6D00BF1090 /* SMLDocumentManagedObject+CoreDataProperties.m in Sources */,
				58E13A641C5FC2EC00BF1090 /* CaliGradientBackgroundView.m in Sources */,
				585315201C5E722500D6BFFD /* main.m in Sources */,
				58E13AAB1C611A6D00BF1090 /* SMLCommandManagedObject+CoreDataProperties.m in Sources */,
				58E13AAC1C611A6D00BF1090 /* SMLCommandManagedObject.m in Sources */,
				58E13AA71C611A6D00BF1090 /* SMLCommandCollectionManagedObject+CoreDataProperties.m in Sources */,
				58E13A9F1C611A6D00BF1090 /* NSManagedObject+CoreDataProperties.m in Sources */,
				58E13AA51C611A6D00BF1090 /* SMLSnippetManagedObject+CoreDataProperties.m in Sources */,
				58E13A571C5FBE2E00BF1090 /* CaliSplitView.m in Sources */,
				58E13A5B1C5FBFFD00BF1090 /* CaliTableView.m in Sources */,
				58E13A671C5FC49B00BF1090 /* CaliProjectWindow.m in Sources */,
				5853151D1C5E722500D6BFFD /* AppDelegate.m in Sources */,
				58E13A611C5FC17400BF1090 /* CaliDummyView.m in Sources */,
				58E13AA31C611A6D00BF1090 /* SMLSyntaxDefinitionManagedObject+CoreDataProperties.m in Sources */,
				58E13A6A1C60D0C300BF1090 /* CaliBasicPerformer.m in Sources */,
				58E13A5E1C5FC0D800BF1090 /* CaliSearchField.m in Sources */,
				58E13A7B1C61142C00BF1090 /* CaliDataModel4.xcdatamodeld in Sources */,
				58E13AA21C611A6D00BF1090 /* SMLEncodingManagedObject.m in Sources */,
				58E13AAA1C611A6D00BF1090 /* SMLDocumentManagedObject.m in Sources */,
				58E13AAE1C611A6D00BF1090 /* SMLSnippetCollectionManagedObject.m in Sources */,
			);
			runOnlyForDeploymentPostprocessing = 0;
		};
		5853152D1C5E722600D6BFFD /* Sources */ = {
			isa = PBXSourcesBuildPhase;
			buildActionMask = 2147483647;
			files = (
				585315361C5E722600D6BFFD /* DocumentDemoTests.m in Sources */,
			);
			runOnlyForDeploymentPostprocessing = 0;
		};
		585315381C5E722600D6BFFD /* Sources */ = {
			isa = PBXSourcesBuildPhase;
			buildActionMask = 2147483647;
			files = (
				585315411C5E722600D6BFFD /* DocumentDemoUITests.m in Sources */,
			);
			runOnlyForDeploymentPostprocessing = 0;
		};
/* End PBXSourcesBuildPhase section */

/* Begin PBXTargetDependency section */
		585315331C5E722600D6BFFD /* PBXTargetDependency */ = {
			isa = PBXTargetDependency;
			target = 585315171C5E722500D6BFFD /* DocumentDemo */;
			targetProxy = 585315321C5E722600D6BFFD /* PBXContainerItemProxy */;
		};
		5853153E1C5E722600D6BFFD /* PBXTargetDependency */ = {
			isa = PBXTargetDependency;
			target = 585315171C5E722500D6BFFD /* DocumentDemo */;
			targetProxy = 5853153D1C5E722600D6BFFD /* PBXContainerItemProxy */;
		};
/* End PBXTargetDependency section */

/* Begin PBXVariantGroup section */
		585315291C5E722500D6BFFD /* MainMenu.xib */ = {
			isa = PBXVariantGroup;
			children = (
				5853152A1C5E722500D6BFFD /* Base */,
			);
			name = MainMenu.xib;
			sourceTree = "<group>";
		};
/* End PBXVariantGroup section */

/* Begin XCBuildConfiguration section */
		585315431C5E722600D6BFFD /* Debug */ = {
			isa = XCBuildConfiguration;
			buildSettings = {
				ALWAYS_SEARCH_USER_PATHS = NO;
				CLANG_CXX_LANGUAGE_STANDARD = "gnu++0x";
				CLANG_CXX_LIBRARY = "libc++";
				CLANG_ENABLE_MODULES = YES;
				CLANG_ENABLE_OBJC_ARC = YES;
				CLANG_WARN_BOOL_CONVERSION = YES;
				CLANG_WARN_CONSTANT_CONVERSION = YES;
				CLANG_WARN_DIRECT_OBJC_ISA_USAGE = YES_ERROR;
				CLANG_WARN_EMPTY_BODY = YES;
				CLANG_WARN_ENUM_CONVERSION = YES;
				CLANG_WARN_INT_CONVERSION = YES;
				CLANG_WARN_OBJC_ROOT_CLASS = YES_ERROR;
				CLANG_WARN_UNREACHABLE_CODE = YES;
				CLANG_WARN__DUPLICATE_METHOD_MATCH = YES;
				CODE_SIGN_IDENTITY = "-";
				COPY_PHASE_STRIP = NO;
				DEBUG_INFORMATION_FORMAT = dwarf;
				ENABLE_STRICT_OBJC_MSGSEND = YES;
				ENABLE_TESTABILITY = YES;
				GCC_C_LANGUAGE_STANDARD = gnu99;
				GCC_DYNAMIC_NO_PIC = NO;
				GCC_NO_COMMON_BLOCKS = YES;
				GCC_OPTIMIZATION_LEVEL = 0;
				GCC_PREPROCESSOR_DEFINITIONS = (
					"DEBUG=1",
					"$(inherited)",
				);
				GCC_WARN_64_TO_32_BIT_CONVERSION = YES;
				GCC_WARN_ABOUT_RETURN_TYPE = YES_ERROR;
				GCC_WARN_UNDECLARED_SELECTOR = YES;
				GCC_WARN_UNINITIALIZED_AUTOS = YES_AGGRESSIVE;
				GCC_WARN_UNUSED_FUNCTION = YES;
				GCC_WARN_UNUSED_VARIABLE = YES;
				MACOSX_DEPLOYMENT_TARGET = 10.10;
				MTL_ENABLE_DEBUG_INFO = YES;
				ONLY_ACTIVE_ARCH = YES;
				SDKROOT = macosx;
			};
			name = Debug;
		};
		585315441C5E722600D6BFFD /* Release */ = {
			isa = XCBuildConfiguration;
			buildSettings = {
				ALWAYS_SEARCH_USER_PATHS = NO;
				CLANG_CXX_LANGUAGE_STANDARD = "gnu++0x";
				CLANG_CXX_LIBRARY = "libc++";
				CLANG_ENABLE_MODULES = YES;
				CLANG_ENABLE_OBJC_ARC = YES;
				CLANG_WARN_BOOL_CONVERSION = YES;
				CLANG_WARN_CONSTANT_CONVERSION = YES;
				CLANG_WARN_DIRECT_OBJC_ISA_USAGE = YES_ERROR;
				CLANG_WARN_EMPTY_BODY = YES;
				CLANG_WARN_ENUM_CONVERSION = YES;
				CLANG_WARN_INT_CONVERSION = YES;
				CLANG_WARN_OBJC_ROOT_CLASS = YES_ERROR;
				CLANG_WARN_UNREACHABLE_CODE = YES;
				CLANG_WARN__DUPLICATE_METHOD_MATCH = YES;
				CODE_SIGN_IDENTITY = "-";
				COPY_PHASE_STRIP = NO;
				DEBUG_INFORMATION_FORMAT = "dwarf-with-dsym";
				ENABLE_NS_ASSERTIONS = NO;
				ENABLE_STRICT_OBJC_MSGSEND = YES;
				GCC_C_LANGUAGE_STANDARD = gnu99;
				GCC_NO_COMMON_BLOCKS = YES;
				GCC_WARN_64_TO_32_BIT_CONVERSION = YES;
				GCC_WARN_ABOUT_RETURN_TYPE = YES_ERROR;
				GCC_WARN_UNDECLARED_SELECTOR = YES;
				GCC_WARN_UNINITIALIZED_AUTOS = YES_AGGRESSIVE;
				GCC_WARN_UNUSED_FUNCTION = YES;
				GCC_WARN_UNUSED_VARIABLE = YES;
				MACOSX_DEPLOYMENT_TARGET = 10.10;
				MTL_ENABLE_DEBUG_INFO = NO;
				SDKROOT = macosx;
			};
			name = Release;
		};
		585315461C5E722600D6BFFD /* Debug */ = {
			isa = XCBuildConfiguration;
			buildSettings = {
				ASSETCATALOG_COMPILER_APPICON_NAME = AppIcon;
				COMBINE_HIDPI_IMAGES = YES;
				INFOPLIST_FILE = DocumentDemo/Info.plist;
				LD_RUNPATH_SEARCH_PATHS = "$(inherited) @executable_path/../Frameworks";
				PRODUCT_BUNDLE_IDENTIFIER = "liqun-corp.DocumentDemo";
				PRODUCT_NAME = "$(TARGET_NAME)";
			};
			name = Debug;
		};
		585315471C5E722600D6BFFD /* Release */ = {
			isa = XCBuildConfiguration;
			buildSettings = {
				ASSETCATALOG_COMPILER_APPICON_NAME = AppIcon;
				COMBINE_HIDPI_IMAGES = YES;
				INFOPLIST_FILE = DocumentDemo/Info.plist;
				LD_RUNPATH_SEARCH_PATHS = "$(inherited) @executable_path/../Frameworks";
				PRODUCT_BUNDLE_IDENTIFIER = "liqun-corp.DocumentDemo";
				PRODUCT_NAME = "$(TARGET_NAME)";
			};
			name = Release;
		};
		585315491C5E722600D6BFFD /* Debug */ = {
			isa = XCBuildConfiguration;
			buildSettings = {
				BUNDLE_LOADER = "$(TEST_HOST)";
				COMBINE_HIDPI_IMAGES = YES;
				INFOPLIST_FILE = DocumentDemoTests/Info.plist;
				LD_RUNPATH_SEARCH_PATHS = "$(inherited) @executable_path/../Frameworks @loader_path/../Frameworks";
				PRODUCT_BUNDLE_IDENTIFIER = "liqun-corp.DocumentDemoTests";
				PRODUCT_NAME = "$(TARGET_NAME)";
				TEST_HOST = "$(BUILT_PRODUCTS_DIR)/DocumentDemo.app/Contents/MacOS/DocumentDemo";
			};
			name = Debug;
		};
		5853154A1C5E722600D6BFFD /* Release */ = {
			isa = XCBuildConfiguration;
			buildSettings = {
				BUNDLE_LOADER = "$(TEST_HOST)";
				COMBINE_HIDPI_IMAGES = YES;
				INFOPLIST_FILE = DocumentDemoTests/Info.plist;
				LD_RUNPATH_SEARCH_PATHS = "$(inherited) @executable_path/../Frameworks @loader_path/../Frameworks";
				PRODUCT_BUNDLE_IDENTIFIER = "liqun-corp.DocumentDemoTests";
				PRODUCT_NAME = "$(TARGET_NAME)";
				TEST_HOST = "$(BUILT_PRODUCTS_DIR)/DocumentDemo.app/Contents/MacOS/DocumentDemo";
			};
			name = Release;
		};
		5853154C1C5E722600D6BFFD /* Debug */ = {
			isa = XCBuildConfiguration;
			buildSettings = {
				COMBINE_HIDPI_IMAGES = YES;
				INFOPLIST_FILE = DocumentDemoUITests/Info.plist;
				LD_RUNPATH_SEARCH_PATHS = "$(inherited) @executable_path/../Frameworks @loader_path/../Frameworks";
				PRODUCT_BUNDLE_IDENTIFIER = "liqun-corp.DocumentDemoUITests";
				PRODUCT_NAME = "$(TARGET_NAME)";
				TEST_TARGET_NAME = DocumentDemo;
				USES_XCTRUNNER = YES;
			};
			name = Debug;
		};
		5853154D1C5E722600D6BFFD /* Release */ = {
			isa = XCBuildConfiguration;
			buildSettings = {
				COMBINE_HIDPI_IMAGES = YES;
				INFOPLIST_FILE = DocumentDemoUITests/Info.plist;
				LD_RUNPATH_SEARCH_PATHS = "$(inherited) @executable_path/../Frameworks @loader_path/../Frameworks";
				PRODUCT_BUNDLE_IDENTIFIER = "liqun-corp.DocumentDemoUITests";
				PRODUCT_NAME = "$(TARGET_NAME)";
				TEST_TARGET_NAME = DocumentDemo;
				USES_XCTRUNNER = YES;
			};
			name = Release;
		};
/* End XCBuildConfiguration section */

/* Begin XCConfigurationList section */
		585315131C5E722500D6BFFD /* Build configuration list for PBXProject "DocumentDemo" */ = {
			isa = XCConfigurationList;
			buildConfigurations = (
				585315431C5E722600D6BFFD /* Debug */,
				585315441C5E722600D6BFFD /* Release */,
			);
			defaultConfigurationIsVisible = 0;
			defaultConfigurationName = Release;
		};
		585315451C5E722600D6BFFD /* Build configuration list for PBXNativeTarget "DocumentDemo" */ = {
			isa = XCConfigurationList;
			buildConfigurations = (
				585315461C5E722600D6BFFD /* Debug */,
				585315471C5E722600D6BFFD /* Release */,
			);
			defaultConfigurationIsVisible = 0;
			defaultConfigurationName = Release;
		};
		585315481C5E722600D6BFFD /* Build configuration list for PBXNativeTarget "DocumentDemoTests" */ = {
			isa = XCConfigurationList;
			buildConfigurations = (
				585315491C5E722600D6BFFD /* Debug */,
				5853154A1C5E722600D6BFFD /* Release */,
			);
			defaultConfigurationIsVisible = 0;
			defaultConfigurationName = Release;
		};
		5853154B1C5E722600D6BFFD /* Build configuration list for PBXNativeTarget "DocumentDemoUITests" */ = {
			isa = XCConfigurationList;
			buildConfigurations = (
				5853154C1C5E722600D6BFFD /* Debug */,
				5853154D1C5E722600D6BFFD /* Release */,
			);
			defaultConfigurationIsVisible = 0;
			defaultConfigurationName = Release;
		};
/* End XCConfigurationList section */

/* Begin XCVersionGroup section */
		58E13A771C61142C00BF1090 /* CaliDataModel4.xcdatamodeld */ = {
			isa = XCVersionGroup;
			children = (
				58E13A781C61142C00BF1090 /* CaliDataModel 2.xcdatamodel */,
				58E13A791C61142C00BF1090 /* CaliDataModel3.xcdatamodel */,
				58E13A7A1C61142C00BF1090 /* CaliDataModel4.xcdatamodel */,
			);
			currentVersion = 58E13A791C61142C00BF1090 /* CaliDataModel3.xcdatamodel */;
			path = CaliDataModel4.xcdatamodeld;
			sourceTree = "<group>";
			versionGroupType = wrapper.xcdatamodel;
		};
/* End XCVersionGroup section */
	};
	rootObject = 585315101C5E722500D6BFFD /* Project object */;
}
