// !$*UTF8*$!
{
	archiveVersion = 1;
	classes = {
	};
	objectVersion = 46;
	objects = {

/* Begin PBXBuildFile section */
		5853151D1C5E722500D6BFFD /* AppDelegate.m in Sources */ = {isa = PBXBuildFile; fileRef = 5853151C1C5E722500D6BFFD /* AppDelegate.m */; };
		585315201C5E722500D6BFFD /* main.m in Sources */ = {isa = PBXBuildFile; fileRef = 5853151F1C5E722500D6BFFD /* main.m */; };
		585315231C5E722500D6BFFD /* CaliProject.m in Sources */ = {isa = PBXBuildFile; fileRef = 585315221C5E722500D6BFFD /* CaliProject.m */; };
		585315281C5E722500D6BFFD /* Assets.xcassets in Resources */ = {isa = PBXBuildFile; fileRef = 585315271C5E722500D6BFFD /* Assets.xcassets */; };
		5853152B1C5E722500D6BFFD /* MainMenu.xib in Resources */ = {isa = PBXBuildFile; fileRef = 585315291C5E722500D6BFFD /* MainMenu.xib */; };
		585315361C5E722600D6BFFD /* DocumentDemoTests.m in Sources */ = {isa = PBXBuildFile; fileRef = 585315351C5E722600D6BFFD /* DocumentDemoTests.m */; };
		585315411C5E722600D6BFFD /* DocumentDemoUITests.m in Sources */ = {isa = PBXBuildFile; fileRef = 585315401C5E722600D6BFFD /* DocumentDemoUITests.m */; };
		58E13A531C5FBAB800BF1090 /* CaliProject.xib in Resources */ = {isa = PBXBuildFile; fileRef = 58E13A521C5FBAB800BF1090 /* CaliProject.xib */; settings = {ASSET_TAGS = (); }; };
		58E13A571C5FBE2E00BF1090 /* CaliSplitView.m in Sources */ = {isa = PBXBuildFile; fileRef = 58E13A561C5FBE2E00BF1090 /* CaliSplitView.m */; settings = {ASSET_TAGS = (); }; };
		58E13A5B1C5FBFFD00BF1090 /* CaliTableView.m in Sources */ = {isa = PBXBuildFile; fileRef = 58E13A5A1C5FBFFD00BF1090 /* CaliTableView.m */; settings = {ASSET_TAGS = (); }; };
		58E13A5E1C5FC0D800BF1090 /* CaliSearchField.m in Sources */ = {isa = PBXBuildFile; fileRef = 58E13A5D1C5FC0D800BF1090 /* CaliSearchField.m */; settings = {ASSET_TAGS = (); }; };
		58E13A611C5FC17400BF1090 /* CaliDummyView.m in Sources */ = {isa = PBXBuildFile; fileRef = 58E13A601C5FC17400BF1090 /* CaliDummyView.m */; settings = {ASSET_TAGS = (); }; };
		58E13A641C5FC2EC00BF1090 /* CaliGradientBackgroundView.m in Sources */ = {isa = PBXBuildFile; fileRef = 58E13A631C5FC2EC00BF1090 /* CaliGradientBackgroundView.m */; settings = {ASSET_TAGS = (); }; };
		58E13A671C5FC49B00BF1090 /* CaliProjectWindow.m in Sources */ = {isa = PBXBuildFile; fileRef = 58E13A661C5FC49B00BF1090 /* CaliProjectWindow.m */; settings = {ASSET_TAGS = (); }; };
		58E13A6A1C60D0C300BF1090 /* CaliBasicPerformer.m in Sources */ = {isa = PBXBuildFile; fileRef = 58E13A691C60D0C300BF1090 /* CaliBasicPerformer.m */; settings = {ASSET_TAGS = (); }; };
		58E13A7B1C61142C00BF1090 /* CaliDataModel4.xcdatamodeld in Sources */ = {isa = PBXBuildFile; fileRef = 58E13A771C61142C00BF1090 /* CaliDataModel4.xcdatamodeld */; settings = {ASSET_TAGS = (); }; };
		58E13AB21C6192F000BF1090 /* CaliSyntaxDefinitionManagedObject.m in Sources */ = {isa = PBXBuildFile; fileRef = 58E13AB11C6192F000BF1090 /* CaliSyntaxDefinitionManagedObject.m */; settings = {ASSET_TAGS = (); }; };
		58E13AB61C61938A00BF1090 /* CaliSnippetCollectionManagedObject.m in Sources */ = {isa = PBXBuildFile; fileRef = 58E13AB51C61938A00BF1090 /* CaliSnippetCollectionManagedObject.m */; settings = {ASSET_TAGS = (); }; };
		58E13AB91C6193E000BF1090 /* CaliSnippetManagedObject.m in Sources */ = {isa = PBXBuildFile; fileRef = 58E13AB81C6193E000BF1090 /* CaliSnippetManagedObject.m */; settings = {ASSET_TAGS = (); }; };
		58E13ABC1C61942900BF1090 /* CaliEncodingManagedObject.m in Sources */ = {isa = PBXBuildFile; fileRef = 58E13ABB1C61942900BF1090 /* CaliEncodingManagedObject.m */; settings = {ASSET_TAGS = (); }; };
		58E13ABF1C61947400BF1090 /* CaliDocumentManagedObject.m in Sources */ = {isa = PBXBuildFile; fileRef = 58E13ABE1C61947400BF1090 /* CaliDocumentManagedObject.m */; settings = {ASSET_TAGS = (); }; };
		58E13AC21C6194AD00BF1090 /* CaliCommandCollectionManagedObject.m in Sources */ = {isa = PBXBuildFile; fileRef = 58E13AC11C6194AD00BF1090 /* CaliCommandCollectionManagedObject.m */; settings = {ASSET_TAGS = (); }; };
		58E13AC51C6194DD00BF1090 /* CaliCommandManagedObject.m in Sources */ = {isa = PBXBuildFile; fileRef = 58E13AC41C6194DD00BF1090 /* CaliCommandManagedObject.m */; settings = {ASSET_TAGS = (); }; };
		58E13ACB1C61997D00BF1090 /* CaliDataModel3.xcdatamodel in Sources */ = {isa = PBXBuildFile; fileRef = 58E13ACA1C61997D00BF1090 /* CaliDataModel3.xcdatamodel */; settings = {ASSET_TAGS = (); }; };
		58E13ACE1C61BDEF00BF1090 /* CaliDocumentsListCell.m in Sources */ = {isa = PBXBuildFile; fileRef = 58E13ACD1C61BDEF00BF1090 /* CaliDocumentsListCell.m */; settings = {ASSET_TAGS = (); }; };
		58E13AD11C61CC0100BF1090 /* CaliViewMenuController.m in Sources */ = {isa = PBXBuildFile; fileRef = 58E13AD01C61CC0100BF1090 /* CaliViewMenuController.m */; settings = {ASSET_TAGS = (); }; };
		58E13AD41C61D2C600BF1090 /* CaliProjectsController.m in Sources */ = {isa = PBXBuildFile; fileRef = 58E13AD31C61D2C600BF1090 /* CaliProjectsController.m */; settings = {ASSET_TAGS = (); }; };
		58E13AD71C61DEC200BF1090 /* CaliInterfacePerformer.m in Sources */ = {isa = PBXBuildFile; fileRef = 58E13AD61C61DEC200BF1090 /* CaliInterfacePerformer.m */; settings = {ASSET_TAGS = (); }; };
		58E13ADA1C61E63100BF1090 /* CaliProject+DocumentViewsController.m in Sources */ = {isa = PBXBuildFile; fileRef = 58E13AD91C61E63100BF1090 /* CaliProject+DocumentViewsController.m */; settings = {ASSET_TAGS = (); }; };
		58E13ADD1C61F23000BF1090 /* CaliDragAndDropController.m in Sources */ = {isa = PBXBuildFile; fileRef = 58E13ADC1C61F23000BF1090 /* CaliDragAndDropController.m */; settings = {ASSET_TAGS = (); }; };
		58E13AF81C621EC500BF1090 /* PSMOverflowPopUpButton.m in Sources */ = {isa = PBXBuildFile; fileRef = 58E13AEC1C621EC500BF1090 /* PSMOverflowPopUpButton.m */; settings = {ASSET_TAGS = (); }; };
		58E13AF91C621EC500BF1090 /* PSMRolloverButton.m in Sources */ = {isa = PBXBuildFile; fileRef = 58E13AEE1C621EC500BF1090 /* PSMRolloverButton.m */; settings = {ASSET_TAGS = (); }; };
		58E13AFA1C621EC500BF1090 /* PSMTabBarCell.m in Sources */ = {isa = PBXBuildFile; fileRef = 58E13AF01C621EC500BF1090 /* PSMTabBarCell.m */; settings = {ASSET_TAGS = (); }; };
		58E13AFB1C621EC500BF1090 /* PSMTabBarControl.m in Sources */ = {isa = PBXBuildFile; fileRef = 58E13AF21C621EC500BF1090 /* PSMTabBarControl.m */; settings = {ASSET_TAGS = (); }; };
		58E13AFC1C621EC500BF1090 /* PSMTabDragAssistant.m in Sources */ = {isa = PBXBuildFile; fileRef = 58E13AF41C621EC500BF1090 /* PSMTabDragAssistant.m */; settings = {ASSET_TAGS = (); }; };
		58E13AFD1C621EC500BF1090 /* PSMUnifiedTabStyle.m in Sources */ = {isa = PBXBuildFile; fileRef = 58E13AF71C621EC500BF1090 /* PSMUnifiedTabStyle.m */; settings = {ASSET_TAGS = (); }; };
/* End PBXBuildFile section */

/* Begin PBXContainerItemProxy section */
		585315321C5E722600D6BFFD /* PBXContainerItemProxy */ = {
			isa = PBXContainerItemProxy;
			containerPortal = 585315101C5E722500D6BFFD /* Project object */;
			proxyType = 1;
			remoteGlobalIDString = 585315171C5E722500D6BFFD;
			remoteInfo = DocumentDemo;
		};
		5853153D1C5E722600D6BFFD /* PBXContainerItemProxy */ = {
			isa = PBXContainerItemProxy;
			containerPortal = 585315101C5E722500D6BFFD /* Project object */;
			proxyType = 1;
			remoteGlobalIDString = 585315171C5E722500D6BFFD;
			remoteInfo = DocumentDemo;
		};
/* End PBXContainerItemProxy section */

/* Begin PBXFileReference section */
		585315181C5E722500D6BFFD /* DocumentDemo.app */ = {isa = PBXFileReference; explicitFileType = wrapper.application; includeInIndex = 0; path = DocumentDemo.app; sourceTree = BUILT_PRODUCTS_DIR; };
		5853151B1C5E722500D6BFFD /* AppDelegate.h */ = {isa = PBXFileReference; lastKnownFileType = sourcecode.c.h; path = AppDelegate.h; sourceTree = "<group>"; };
		5853151C1C5E722500D6BFFD /* AppDelegate.m */ = {isa = PBXFileReference; lastKnownFileType = sourcecode.c.objc; path = AppDelegate.m; sourceTree = "<group>"; };
		5853151F1C5E722500D6BFFD /* main.m */ = {isa = PBXFileReference; lastKnownFileType = sourcecode.c.objc; path = main.m; sourceTree = "<group>"; };
		585315211C5E722500D6BFFD /* CaliProject.h */ = {isa = PBXFileReference; lastKnownFileType = sourcecode.c.h; path = CaliProject.h; sourceTree = "<group>"; };
		585315221C5E722500D6BFFD /* CaliProject.m */ = {isa = PBXFileReference; lastKnownFileType = sourcecode.c.objc; path = CaliProject.m; sourceTree = "<group>"; };
		585315271C5E722500D6BFFD /* Assets.xcassets */ = {isa = PBXFileReference; lastKnownFileType = folder.assetcatalog; path = Assets.xcassets; sourceTree = "<group>"; };
		5853152A1C5E722500D6BFFD /* Base */ = {isa = PBXFileReference; lastKnownFileType = file.xib; name = Base; path = Base.lproj/MainMenu.xib; sourceTree = "<group>"; };
		5853152C1C5E722500D6BFFD /* Info.plist */ = {isa = PBXFileReference; lastKnownFileType = text.plist.xml; path = Info.plist; sourceTree = "<group>"; };
		585315311C5E722600D6BFFD /* DocumentDemoTests.xctest */ = {isa = PBXFileReference; explicitFileType = wrapper.cfbundle; includeInIndex = 0; path = DocumentDemoTests.xctest; sourceTree = BUILT_PRODUCTS_DIR; };
		585315351C5E722600D6BFFD /* DocumentDemoTests.m */ = {isa = PBXFileReference; lastKnownFileType = sourcecode.c.objc; path = DocumentDemoTests.m; sourceTree = "<group>"; };
		585315371C5E722600D6BFFD /* Info.plist */ = {isa = PBXFileReference; lastKnownFileType = text.plist.xml; path = Info.plist; sourceTree = "<group>"; };
		5853153C1C5E722600D6BFFD /* DocumentDemoUITests.xctest */ = {isa = PBXFileReference; explicitFileType = wrapper.cfbundle; includeInIndex = 0; path = DocumentDemoUITests.xctest; sourceTree = BUILT_PRODUCTS_DIR; };
		585315401C5E722600D6BFFD /* DocumentDemoUITests.m */ = {isa = PBXFileReference; lastKnownFileType = sourcecode.c.objc; path = DocumentDemoUITests.m; sourceTree = "<group>"; };
		585315421C5E722600D6BFFD /* Info.plist */ = {isa = PBXFileReference; lastKnownFileType = text.plist.xml; path = Info.plist; sourceTree = "<group>"; };
		58E13A521C5FBAB800BF1090 /* CaliProject.xib */ = {isa = PBXFileReference; fileEncoding = 4; lastKnownFileType = file.xib; path = CaliProject.xib; sourceTree = "<group>"; };
		58E13A551C5FBE2E00BF1090 /* CaliSplitView.h */ = {isa = PBXFileReference; fileEncoding = 4; lastKnownFileType = sourcecode.c.h; path = CaliSplitView.h; sourceTree = "<group>"; };
		58E13A561C5FBE2E00BF1090 /* CaliSplitView.m */ = {isa = PBXFileReference; fileEncoding = 4; lastKnownFileType = sourcecode.c.objc; path = CaliSplitView.m; sourceTree = "<group>"; };
		58E13A591C5FBFFD00BF1090 /* CaliTableView.h */ = {isa = PBXFileReference; fileEncoding = 4; lastKnownFileType = sourcecode.c.h; path = CaliTableView.h; sourceTree = "<group>"; };
		58E13A5A1C5FBFFD00BF1090 /* CaliTableView.m */ = {isa = PBXFileReference; fileEncoding = 4; lastKnownFileType = sourcecode.c.objc; path = CaliTableView.m; sourceTree = "<group>"; };
		58E13A5C1C5FC0D800BF1090 /* CaliSearchField.h */ = {isa = PBXFileReference; fileEncoding = 4; lastKnownFileType = sourcecode.c.h; path = CaliSearchField.h; sourceTree = "<group>"; };
		58E13A5D1C5FC0D800BF1090 /* CaliSearchField.m */ = {isa = PBXFileReference; fileEncoding = 4; lastKnownFileType = sourcecode.c.objc; path = CaliSearchField.m; sourceTree = "<group>"; };
		58E13A5F1C5FC17400BF1090 /* CaliDummyView.h */ = {isa = PBXFileReference; fileEncoding = 4; lastKnownFileType = sourcecode.c.h; path = CaliDummyView.h; sourceTree = "<group>"; };
		58E13A601C5FC17400BF1090 /* CaliDummyView.m */ = {isa = PBXFileReference; fileEncoding = 4; lastKnownFileType = sourcecode.c.objc; path = CaliDummyView.m; sourceTree = "<group>"; };
		58E13A621C5FC2EC00BF1090 /* CaliGradientBackgroundView.h */ = {isa = PBXFileReference; fileEncoding = 4; lastKnownFileType = sourcecode.c.h; path = CaliGradientBackgroundView.h; sourceTree = "<group>"; };
		58E13A631C5FC2EC00BF1090 /* CaliGradientBackgroundView.m */ = {isa = PBXFileReference; fileEncoding = 4; lastKnownFileType = sourcecode.c.objc; path = CaliGradientBackgroundView.m; sourceTree = "<group>"; };
		58E13A651C5FC49B00BF1090 /* CaliProjectWindow.h */ = {isa = PBXFileReference; fileEncoding = 4; lastKnownFileType = sourcecode.c.h; path = CaliProjectWindow.h; sourceTree = "<group>"; };
		58E13A661C5FC49B00BF1090 /* CaliProjectWindow.m */ = {isa = PBXFileReference; fileEncoding = 4; lastKnownFileType = sourcecode.c.objc; path = CaliProjectWindow.m; sourceTree = "<group>"; };
		58E13A681C60D0C300BF1090 /* CaliBasicPerformer.h */ = {isa = PBXFileReference; fileEncoding = 4; lastKnownFileType = sourcecode.c.h; path = CaliBasicPerformer.h; sourceTree = "<group>"; };
		58E13A691C60D0C300BF1090 /* CaliBasicPerformer.m */ = {isa = PBXFileReference; fileEncoding = 4; lastKnownFileType = sourcecode.c.objc; path = CaliBasicPerformer.m; sourceTree = "<group>"; };
		58E13A6B1C60D1DE00BF1090 /* CaliStandardHeader.h */ = {isa = PBXFileReference; fileEncoding = 4; lastKnownFileType = sourcecode.c.h; path = CaliStandardHeader.h; sourceTree = "<group>"; };
		58E13A781C61142C00BF1090 /* CaliDataModel 2.xcdatamodel */ = {isa = PBXFileReference; lastKnownFileType = wrapper.xcdatamodel; path = "CaliDataModel 2.xcdatamodel"; sourceTree = "<group>"; };
		58E13A791C61142C00BF1090 /* CaliDataModel3.xcdatamodel */ = {isa = PBXFileReference; lastKnownFileType = wrapper.xcdatamodel; path = CaliDataModel3.xcdatamodel; sourceTree = "<group>"; };
		58E13A7A1C61142C00BF1090 /* CaliDataModel4.xcdatamodel */ = {isa = PBXFileReference; lastKnownFileType = wrapper.xcdatamodel; path = CaliDataModel4.xcdatamodel; sourceTree = "<group>"; };
		58E13AB01C6192F000BF1090 /* CaliSyntaxDefinitionManagedObject.h */ = {isa = PBXFileReference; fileEncoding = 4; lastKnownFileType = sourcecode.c.h; path = CaliSyntaxDefinitionManagedObject.h; sourceTree = "<group>"; };
		58E13AB11C6192F000BF1090 /* CaliSyntaxDefinitionManagedObject.m */ = {isa = PBXFileReference; fileEncoding = 4; lastKnownFileType = sourcecode.c.objc; path = CaliSyntaxDefinitionManagedObject.m; sourceTree = "<group>"; };
		58E13AB41C61938A00BF1090 /* CaliSnippetCollectionManagedObject.h */ = {isa = PBXFileReference; fileEncoding = 4; lastKnownFileType = sourcecode.c.h; path = CaliSnippetCollectionManagedObject.h; sourceTree = "<group>"; };
		58E13AB51C61938A00BF1090 /* CaliSnippetCollectionManagedObject.m */ = {isa = PBXFileReference; fileEncoding = 4; lastKnownFileType = sourcecode.c.objc; path = CaliSnippetCollectionManagedObject.m; sourceTree = "<group>"; };
		58E13AB71C6193E000BF1090 /* CaliSnippetManagedObject.h */ = {isa = PBXFileReference; fileEncoding = 4; lastKnownFileType = sourcecode.c.h; path = CaliSnippetManagedObject.h; sourceTree = "<group>"; };
		58E13AB81C6193E000BF1090 /* CaliSnippetManagedObject.m */ = {isa = PBXFileReference; fileEncoding = 4; lastKnownFileType = sourcecode.c.objc; path = CaliSnippetManagedObject.m; sourceTree = "<group>"; };
		58E13ABA1C61942900BF1090 /* CaliEncodingManagedObject.h */ = {isa = PBXFileReference; fileEncoding = 4; lastKnownFileType = sourcecode.c.h; path = CaliEncodingManagedObject.h; sourceTree = "<group>"; };
		58E13ABB1C61942900BF1090 /* CaliEncodingManagedObject.m */ = {isa = PBXFileReference; fileEncoding = 4; lastKnownFileType = sourcecode.c.objc; path = CaliEncodingManagedObject.m; sourceTree = "<group>"; };
		58E13ABD1C61947400BF1090 /* CaliDocumentManagedObject.h */ = {isa = PBXFileReference; fileEncoding = 4; lastKnownFileType = sourcecode.c.h; path = CaliDocumentManagedObject.h; sourceTree = "<group>"; };
		58E13ABE1C61947400BF1090 /* CaliDocumentManagedObject.m */ = {isa = PBXFileReference; fileEncoding = 4; lastKnownFileType = sourcecode.c.objc; path = CaliDocumentManagedObject.m; sourceTree = "<group>"; };
		58E13AC01C6194AD00BF1090 /* CaliCommandCollectionManagedObject.h */ = {isa = PBXFileReference; fileEncoding = 4; lastKnownFileType = sourcecode.c.h; path = CaliCommandCollectionManagedObject.h; sourceTree = "<group>"; };
		58E13AC11C6194AD00BF1090 /* CaliCommandCollectionManagedObject.m */ = {isa = PBXFileReference; fileEncoding = 4; lastKnownFileType = sourcecode.c.objc; path = CaliCommandCollectionManagedObject.m; sourceTree = "<group>"; };
		58E13AC31C6194DD00BF1090 /* CaliCommandManagedObject.h */ = {isa = PBXFileReference; fileEncoding = 4; lastKnownFileType = sourcecode.c.h; path = CaliCommandManagedObject.h; sourceTree = "<group>"; };
		58E13AC41C6194DD00BF1090 /* CaliCommandManagedObject.m */ = {isa = PBXFileReference; fileEncoding = 4; lastKnownFileType = sourcecode.c.objc; path = CaliCommandManagedObject.m; sourceTree = "<group>"; };
		58E13ACA1C61997D00BF1090 /* CaliDataModel3.xcdatamodel */ = {isa = PBXFileReference; lastKnownFileType = wrapper.xcdatamodel; path = CaliDataModel3.xcdatamodel; sourceTree = "<group>"; };
		58E13ACC1C61BDEF00BF1090 /* CaliDocumentsListCell.h */ = {isa = PBXFileReference; fileEncoding = 4; lastKnownFileType = sourcecode.c.h; path = CaliDocumentsListCell.h; sourceTree = "<group>"; };
		58E13ACD1C61BDEF00BF1090 /* CaliDocumentsListCell.m */ = {isa = PBXFileReference; fileEncoding = 4; lastKnownFileType = sourcecode.c.objc; path = CaliDocumentsListCell.m; sourceTree = "<group>"; };
		58E13ACF1C61CC0100BF1090 /* CaliViewMenuController.h */ = {isa = PBXFileReference; fileEncoding = 4; lastKnownFileType = sourcecode.c.h; path = CaliViewMenuController.h; sourceTree = "<group>"; };
		58E13AD01C61CC0100BF1090 /* CaliViewMenuController.m */ = {isa = PBXFileReference; fileEncoding = 4; lastKnownFileType = sourcecode.c.objc; path = CaliViewMenuController.m; sourceTree = "<group>"; };
		58E13AD21C61D2C600BF1090 /* CaliProjectsController.h */ = {isa = PBXFileReference; fileEncoding = 4; lastKnownFileType = sourcecode.c.h; path = CaliProjectsController.h; sourceTree = "<group>"; };
		58E13AD31C61D2C600BF1090 /* CaliProjectsController.m */ = {isa = PBXFileReference; fileEncoding = 4; lastKnownFileType = sourcecode.c.objc; path = CaliProjectsController.m; sourceTree = "<group>"; };
		58E13AD51C61DEC200BF1090 /* CaliInterfacePerformer.h */ = {isa = PBXFileReference; fileEncoding = 4; lastKnownFileType = sourcecode.c.h; path = CaliInterfacePerformer.h; sourceTree = "<group>"; };
		58E13AD61C61DEC200BF1090 /* CaliInterfacePerformer.m */ = {isa = PBXFileReference; fileEncoding = 4; lastKnownFileType = sourcecode.c.objc; path = CaliInterfacePerformer.m; sourceTree = "<group>"; };
		58E13AD81C61E63100BF1090 /* CaliProject+DocumentViewsController.h */ = {isa = PBXFileReference; fileEncoding = 4; lastKnownFileType = sourcecode.c.h; path = "CaliProject+DocumentViewsController.h"; sourceTree = "<group>"; };
		58E13AD91C61E63100BF1090 /* CaliProject+DocumentViewsController.m */ = {isa = PBXFileReference; fileEncoding = 4; lastKnownFileType = sourcecode.c.objc; path = "CaliProject+DocumentViewsController.m"; sourceTree = "<group>"; };
		58E13ADB1C61F23000BF1090 /* CaliDragAndDropController.h */ = {isa = PBXFileReference; fileEncoding = 4; lastKnownFileType = sourcecode.c.h; path = CaliDragAndDropController.h; sourceTree = "<group>"; };
		58E13ADC1C61F23000BF1090 /* CaliDragAndDropController.m */ = {isa = PBXFileReference; fileEncoding = 4; lastKnownFileType = sourcecode.c.objc; path = CaliDragAndDropController.m; sourceTree = "<group>"; };
		58E13AEB1C621EC500BF1090 /* PSMOverflowPopUpButton.h */ = {isa = PBXFileReference; fileEncoding = 4; lastKnownFileType = sourcecode.c.h; path = PSMOverflowPopUpButton.h; sourceTree = "<group>"; };
		58E13AEC1C621EC500BF1090 /* PSMOverflowPopUpButton.m */ = {isa = PBXFileReference; fileEncoding = 4; lastKnownFileType = sourcecode.c.objc; path = PSMOverflowPopUpButton.m; sourceTree = "<group>"; };
		58E13AED1C621EC500BF1090 /* PSMRolloverButton.h */ = {isa = PBXFileReference; fileEncoding = 4; lastKnownFileType = sourcecode.c.h; path = PSMRolloverButton.h; sourceTree = "<group>"; };
		58E13AEE1C621EC500BF1090 /* PSMRolloverButton.m */ = {isa = PBXFileReference; fileEncoding = 4; lastKnownFileType = sourcecode.c.objc; path = PSMRolloverButton.m; sourceTree = "<group>"; };
		58E13AEF1C621EC500BF1090 /* PSMTabBarCell.h */ = {isa = PBXFileReference; fileEncoding = 4; lastKnownFileType = sourcecode.c.h; path = PSMTabBarCell.h; sourceTree = "<group>"; };
		58E13AF01C621EC500BF1090 /* PSMTabBarCell.m */ = {isa = PBXFileReference; fileEncoding = 4; lastKnownFileType = sourcecode.c.objc; path = PSMTabBarCell.m; sourceTree = "<group>"; };
		58E13AF11C621EC500BF1090 /* PSMTabBarControl.h */ = {isa = PBXFileReference; fileEncoding = 4; lastKnownFileType = sourcecode.c.h; path = PSMTabBarControl.h; sourceTree = "<group>"; };
		58E13AF21C621EC500BF1090 /* PSMTabBarControl.m */ = {isa = PBXFileReference; fileEncoding = 4; lastKnownFileType = sourcecode.c.objc; path = PSMTabBarControl.m; sourceTree = "<group>"; };
		58E13AF31C621EC500BF1090 /* PSMTabDragAssistant.h */ = {isa = PBXFileReference; fileEncoding = 4; lastKnownFileType = sourcecode.c.h; path = PSMTabDragAssistant.h; sourceTree = "<group>"; };
		58E13AF41C621EC500BF1090 /* PSMTabDragAssistant.m */ = {isa = PBXFileReference; fileEncoding = 4; lastKnownFileType = sourcecode.c.objc; path = PSMTabDragAssistant.m; sourceTree = "<group>"; };
		58E13AF51C621EC500BF1090 /* PSMTabStyle.h */ = {isa = PBXFileReference; fileEncoding = 4; lastKnownFileType = sourcecode.c.h; path = PSMTabStyle.h; sourceTree = "<group>"; };
		58E13AF61C621EC500BF1090 /* PSMUnifiedTabStyle.h */ = {isa = PBXFileReference; fileEncoding = 4; lastKnownFileType = sourcecode.c.h; path = PSMUnifiedTabStyle.h; sourceTree = "<group>"; };
		58E13AF71C621EC500BF1090 /* PSMUnifiedTabStyle.m */ = {isa = PBXFileReference; fileEncoding = 4; lastKnownFileType = sourcecode.c.objc; path = PSMUnifiedTabStyle.m; sourceTree = "<group>"; };
/* End PBXFileReference section */

/* Begin PBXFrameworksBuildPhase section */
		585315151C5E722500D6BFFD /* Frameworks */ = {
			isa = PBXFrameworksBuildPhase;
			buildActionMask = 2147483647;
			files = (
			);
			runOnlyForDeploymentPostprocessing = 0;
		};
		5853152E1C5E722600D6BFFD /* Frameworks */ = {
			isa = PBXFrameworksBuildPhase;
			buildActionMask = 2147483647;
			files = (
			);
			runOnlyForDeploymentPostprocessing = 0;
		};
		585315391C5E722600D6BFFD /* Frameworks */ = {
			isa = PBXFrameworksBuildPhase;
			buildActionMask = 2147483647;
			files = (
			);
			runOnlyForDeploymentPostprocessing = 0;
		};
/* End PBXFrameworksBuildPhase section */

/* Begin PBXGroup section */
		58446D7D1C65013900C220A3 /* Headers */ = {
			isa = PBXGroup;
			children = (
				58E13AF31C621EC500BF1090 /* PSMTabDragAssistant.h */,
				58E13AF51C621EC500BF1090 /* PSMTabStyle.h */,
				58E13AF11C621EC500BF1090 /* PSMTabBarControl.h */,
				58E13AF61C621EC500BF1090 /* PSMUnifiedTabStyle.h */,
				58E13AEF1C621EC500BF1090 /* PSMTabBarCell.h */,
				58E13AED1C621EC500BF1090 /* PSMRolloverButton.h */,
				58E13AEB1C621EC500BF1090 /* PSMOverflowPopUpButton.h */,
			);
			name = Headers;
			sourceTree = "<group>";
		};
		5853150F1C5E722500D6BFFD = {
			isa = PBXGroup;
			children = (
				58E13AC61C61980700BF1090 /* Models */,
				58E13A711C61093300BF1090 /* TestModels */,
				5853151A1C5E722500D6BFFD /* DocumentDemo */,
				585315341C5E722600D6BFFD /* DocumentDemoTests */,
				5853153F1C5E722600D6BFFD /* DocumentDemoUITests */,
				585315191C5E722500D6BFFD /* Products */,
			);
			sourceTree = "<group>";
		};
		585315191C5E722500D6BFFD /* Products */ = {
			isa = PBXGroup;
			children = (
				585315181C5E722500D6BFFD /* DocumentDemo.app */,
				585315311C5E722600D6BFFD /* DocumentDemoTests.xctest */,
				5853153C1C5E722600D6BFFD /* DocumentDemoUITests.xctest */,
			);
			name = Products;
			sourceTree = "<group>";
		};
		5853151A1C5E722500D6BFFD /* DocumentDemo */ = {
			isa = PBXGroup;
			children = (
				58E13AEA1C621EC500BF1090 /* PSMTabBar */,
				58E13AAF1C6192BE00BF1090 /* ManagedObjects */,
				58E13A541C5FBDF500BF1090 /* Classes */,
				58E13A521C5FBAB800BF1090 /* CaliProject.xib */,
				5853151B1C5E722500D6BFFD /* AppDelegate.h */,
				5853151C1C5E722500D6BFFD /* AppDelegate.m */,
				585315211C5E722500D6BFFD /* CaliProject.h */,
				585315221C5E722500D6BFFD /* CaliProject.m */,
				585315271C5E722500D6BFFD /* Assets.xcassets */,
				585315291C5E722500D6BFFD /* MainMenu.xib */,
				5853152C1C5E722500D6BFFD /* Info.plist */,
				5853151E1C5E722500D6BFFD /* Supporting Files */,
			);
			path = DocumentDemo;
			sourceTree = "<group>";
		};
		5853151E1C5E722500D6BFFD /* Supporting Files */ = {
			isa = PBXGroup;
			children = (
				5853151F1C5E722500D6BFFD /* main.m */,
			);
			name = "Supporting Files";
			sourceTree = "<group>";
		};
		585315341C5E722600D6BFFD /* DocumentDemoTests */ = {
			isa = PBXGroup;
			children = (
				585315351C5E722600D6BFFD /* DocumentDemoTests.m */,
				585315371C5E722600D6BFFD /* Info.plist */,
			);
			path = DocumentDemoTests;
			sourceTree = "<group>";
		};
		5853153F1C5E722600D6BFFD /* DocumentDemoUITests */ = {
			isa = PBXGroup;
			children = (
				585315401C5E722600D6BFFD /* DocumentDemoUITests.m */,
				585315421C5E722600D6BFFD /* Info.plist */,
			);
			path = DocumentDemoUITests;
			sourceTree = "<group>";
		};
		58E13A541C5FBDF500BF1090 /* Classes */ = {
			isa = PBXGroup;
			children = (
				58E13A581C5FBE3600BF1090 /* Headers */,
				58E13A561C5FBE2E00BF1090 /* CaliSplitView.m */,
				58E13A5A1C5FBFFD00BF1090 /* CaliTableView.m */,
				58E13A5D1C5FC0D800BF1090 /* CaliSearchField.m */,
				58E13A601C5FC17400BF1090 /* CaliDummyView.m */,
				58E13A631C5FC2EC00BF1090 /* CaliGradientBackgroundView.m */,
				58E13A661C5FC49B00BF1090 /* CaliProjectWindow.m */,
				58E13A691C60D0C300BF1090 /* CaliBasicPerformer.m */,
				58E13ACD1C61BDEF00BF1090 /* CaliDocumentsListCell.m */,
				58E13AD01C61CC0100BF1090 /* CaliViewMenuController.m */,
				58E13AD31C61D2C600BF1090 /* CaliProjectsController.m */,
				58E13AD61C61DEC200BF1090 /* CaliInterfacePerformer.m */,
				58E13AD91C61E63100BF1090 /* CaliProject+DocumentViewsController.m */,
				58E13ADC1C61F23000BF1090 /* CaliDragAndDropController.m */,
			);
			name = Classes;
			sourceTree = "<group>";
		};
		58E13A581C5FBE3600BF1090 /* Headers */ = {
			isa = PBXGroup;
			children = (
				58E13A551C5FBE2E00BF1090 /* CaliSplitView.h */,
				58E13A591C5FBFFD00BF1090 /* CaliTableView.h */,
				58E13A5C1C5FC0D800BF1090 /* CaliSearchField.h */,
				58E13A5F1C5FC17400BF1090 /* CaliDummyView.h */,
				58E13A621C5FC2EC00BF1090 /* CaliGradientBackgroundView.h */,
				58E13A651C5FC49B00BF1090 /* CaliProjectWindow.h */,
				58E13A681C60D0C300BF1090 /* CaliBasicPerformer.h */,
				58E13A6B1C60D1DE00BF1090 /* CaliStandardHeader.h */,
				58E13ACC1C61BDEF00BF1090 /* CaliDocumentsListCell.h */,
				58E13ACF1C61CC0100BF1090 /* CaliViewMenuController.h */,
				58E13AD51C61DEC200BF1090 /* CaliInterfacePerformer.h */,
				58E13AD21C61D2C600BF1090 /* CaliProjectsController.h */,
				58E13AD81C61E63100BF1090 /* CaliProject+DocumentViewsController.h */,
				58E13ADB1C61F23000BF1090 /* CaliDragAndDropController.h */,
			);
			name = Headers;
			sourceTree = "<group>";
		};
		58E13A711C61093300BF1090 /* TestModels */ = {
			isa = PBXGroup;
			children = (
				58E13A771C61142C00BF1090 /* CaliDataModel4.xcdatamodeld */,
			);
			name = TestModels;
			sourceTree = "<group>";
		};
		58E13AAF1C6192BE00BF1090 /* ManagedObjects */ = {
			isa = PBXGroup;
			children = (
				58E13AB31C6192F700BF1090 /* Headers */,
				58E13AB11C6192F000BF1090 /* CaliSyntaxDefinitionManagedObject.m */,
				58E13AB51C61938A00BF1090 /* CaliSnippetCollectionManagedObject.m */,
				58E13AB81C6193E000BF1090 /* CaliSnippetManagedObject.m */,
				58E13ABB1C61942900BF1090 /* CaliEncodingManagedObject.m */,
				58E13ABE1C61947400BF1090 /* CaliDocumentManagedObject.m */,
				58E13AC11C6194AD00BF1090 /* CaliCommandCollectionManagedObject.m */,
				58E13AC41C6194DD00BF1090 /* CaliCommandManagedObject.m */,
			);
			name = ManagedObjects;
			sourceTree = "<group>";
		};
		58E13AB31C6192F700BF1090 /* Headers */ = {
			isa = PBXGroup;
			children = (
				58E13ABA1C61942900BF1090 /* CaliEncodingManagedObject.h */,
				58E13AB41C61938A00BF1090 /* CaliSnippetCollectionManagedObject.h */,
				58E13AB01C6192F000BF1090 /* CaliSyntaxDefinitionManagedObject.h */,
				58E13AB71C6193E000BF1090 /* CaliSnippetManagedObject.h */,
				58E13ABD1C61947400BF1090 /* CaliDocumentManagedObject.h */,
				58E13AC01C6194AD00BF1090 /* CaliCommandCollectionManagedObject.h */,
				58E13AC31C6194DD00BF1090 /* CaliCommandManagedObject.h */,
			);
			name = Headers;
			sourceTree = "<group>";
		};
		58E13AC61C61980700BF1090 /* Models */ = {
			isa = PBXGroup;
			children = (
				58E13ACA1C61997D00BF1090 /* CaliDataModel3.xcdatamodel */,
			);
			name = Models;
			sourceTree = "<group>";
		};
		58E13AEA1C621EC500BF1090 /* PSMTabBar */ = {
			isa = PBXGroup;
			children = (
				58446D7D1C65013900C220A3 /* Headers */,
				58E13AEC1C621EC500BF1090 /* PSMOverflowPopUpButton.m */,
				58E13AEE1C621EC500BF1090 /* PSMRolloverButton.m */,
				58E13AF01C621EC500BF1090 /* PSMTabBarCell.m */,
				58E13AF21C621EC500BF1090 /* PSMTabBarControl.m */,
				58E13AF41C621EC500BF1090 /* PSMTabDragAssistant.m */,
				58E13AF71C621EC500BF1090 /* PSMUnifiedTabStyle.m */,
			);
			path = PSMTabBar;
			sourceTree = "<group>";
		};
/* End PBXGroup section */

/* Begin PBXNativeTarget section */
		585315171C5E722500D6BFFD /* DocumentDemo */ = {
			isa = PBXNativeTarget;
			buildConfigurationList = 585315451C5E722600D6BFFD /* Build configuration list for PBXNativeTarget "DocumentDemo" */;
			buildPhases = (
				585315141C5E722500D6BFFD /* Sources */,
				585315151C5E722500D6BFFD /* Frameworks */,
				585315161C5E722500D6BFFD /* Resources */,
			);
			buildRules = (
			);
			dependencies = (
			);
			name = DocumentDemo;
			productName = DocumentDemo;
			productReference = 585315181C5E722500D6BFFD /* DocumentDemo.app */;
			productType = "com.apple.product-type.application";
		};
		585315301C5E722600D6BFFD /* DocumentDemoTests */ = {
			isa = PBXNativeTarget;
			buildConfigurationList = 585315481C5E722600D6BFFD /* Build configuration list for PBXNativeTarget "DocumentDemoTests" */;
			buildPhases = (
				5853152D1C5E722600D6BFFD /* Sources */,
				5853152E1C5E722600D6BFFD /* Frameworks */,
				5853152F1C5E722600D6BFFD /* Resources */,
			);
			buildRules = (
			);
			dependencies = (
				585315331C5E722600D6BFFD /* PBXTargetDependency */,
			);
			name = DocumentDemoTests;
			productName = DocumentDemoTests;
			productReference = 585315311C5E722600D6BFFD /* DocumentDemoTests.xctest */;
			productType = "com.apple.product-type.bundle.unit-test";
		};
		5853153B1C5E722600D6BFFD /* DocumentDemoUITests */ = {
			isa = PBXNativeTarget;
			buildConfigurationList = 5853154B1C5E722600D6BFFD /* Build configuration list for PBXNativeTarget "DocumentDemoUITests" */;
			buildPhases = (
				585315381C5E722600D6BFFD /* Sources */,
				585315391C5E722600D6BFFD /* Frameworks */,
				5853153A1C5E722600D6BFFD /* Resources */,
			);
			buildRules = (
			);
			dependencies = (
				5853153E1C5E722600D6BFFD /* PBXTargetDependency */,
			);
			name = DocumentDemoUITests;
			productName = DocumentDemoUITests;
			productReference = 5853153C1C5E722600D6BFFD /* DocumentDemoUITests.xctest */;
			productType = "com.apple.product-type.bundle.ui-testing";
		};
/* End PBXNativeTarget section */

/* Begin PBXProject section */
		585315101C5E722500D6BFFD /* Project object */ = {
			isa = PBXProject;
			attributes = {
				LastUpgradeCheck = 0700;
				ORGANIZATIONNAME = liqun.wu;
				TargetAttributes = {
					585315171C5E722500D6BFFD = {
						CreatedOnToolsVersion = 7.0;
					};
					585315301C5E722600D6BFFD = {
						CreatedOnToolsVersion = 7.0;
						TestTargetID = 585315171C5E722500D6BFFD;
					};
					5853153B1C5E722600D6BFFD = {
						CreatedOnToolsVersion = 7.0;
						TestTargetID = 585315171C5E722500D6BFFD;
					};
				};
			};
			buildConfigurationList = 585315131C5E722500D6BFFD /* Build configuration list for PBXProject "DocumentDemo" */;
			compatibilityVersion = "Xcode 3.2";
			developmentRegion = English;
			hasScannedForEncodings = 0;
			knownRegions = (
				en,
				Base,
			);
			mainGroup = 5853150F1C5E722500D6BFFD;
			productRefGroup = 585315191C5E722500D6BFFD /* Products */;
			projectDirPath = "";
			projectRoot = "";
			targets = (
				585315171C5E722500D6BFFD /* DocumentDemo */,
				585315301C5E722600D6BFFD /* DocumentDemoTests */,
				5853153B1C5E722600D6BFFD /* DocumentDemoUITests */,
			);
		};
/* End PBXProject section */

/* Begin PBXResourcesBuildPhase section */
		585315161C5E722500D6BFFD /* Resources */ = {
			isa = PBXResourcesBuildPhase;
			buildActionMask = 2147483647;
			files = (
				585315281C5E722500D6BFFD /* Assets.xcassets in Resources */,
				58E13A531C5FBAB800BF1090 /* CaliProject.xib in Resources */,
				5853152B1C5E722500D6BFFD /* MainMenu.xib in Resources */,
			);
			runOnlyForDeploymentPostprocessing = 0;
		};
		5853152F1C5E722600D6BFFD /* Resources */ = {
			isa = PBXResourcesBuildPhase;
			buildActionMask = 2147483647;
			files = (
			);
			runOnlyForDeploymentPostprocessing = 0;
		};
		5853153A1C5E722600D6BFFD /* Resources */ = {
			isa = PBXResourcesBuildPhase;
			buildActionMask = 2147483647;
			files = (
			);
			runOnlyForDeploymentPostprocessing = 0;
		};
/* End PBXResourcesBuildPhase section */

/* Begin PBXSourcesBuildPhase section */
		585315141C5E722500D6BFFD /* Sources */ = {
			isa = PBXSourcesBuildPhase;
			buildActionMask = 2147483647;
			files = (
				585315231C5E722500D6BFFD /* CaliProject.m in Sources */,
				58E13AB61C61938A00BF1090 /* CaliSnippetCollectionManagedObject.m in Sources */,
				58E13AC21C6194AD00BF1090 /* CaliCommandCollectionManagedObject.m in Sources */,
				58E13AD11C61CC0100BF1090 /* CaliViewMenuController.m in Sources */,
				58E13AFA1C621EC500BF1090 /* PSMTabBarCell.m in Sources */,
				58E13AFD1C621EC500BF1090 /* PSMUnifiedTabStyle.m in Sources */,
				58E13ABF1C61947400BF1090 /* CaliDocumentManagedObject.m in Sources */,
				58E13A641C5FC2EC00BF1090 /* CaliGradientBackgroundView.m in Sources */,
				585315201C5E722500D6BFFD /* main.m in Sources */,
				58E13ABC1C61942900BF1090 /* CaliEncodingManagedObject.m in Sources */,
				58E13A571C5FBE2E00BF1090 /* CaliSplitView.m in Sources */,
				58E13A5B1C5FBFFD00BF1090 /* CaliTableView.m in Sources */,
				58E13A671C5FC49B00BF1090 /* CaliProjectWindow.m in Sources */,
				58E13ADD1C61F23000BF1090 /* CaliDragAndDropController.m in Sources */,
				5853151D1C5E722500D6BFFD /* AppDelegate.m in Sources */,
				58E13AFC1C621EC500BF1090 /* PSMTabDragAssistant.m in Sources */,
				58E13A611C5FC17400BF1090 /* CaliDummyView.m in Sources */,
				58E13AB91C6193E000BF1090 /* CaliSnippetManagedObject.m in Sources */,
				58E13ADA1C61E63100BF1090 /* CaliProject+DocumentViewsController.m in Sources */,
				58E13AD41C61D2C600BF1090 /* CaliProjectsController.m in Sources */,
				58E13AF91C621EC500BF1090 /* PSMRolloverButton.m in Sources */,
				58E13A6A1C60D0C300BF1090 /* CaliBasicPerformer.m in Sources */,
				58E13ACB1C61997D00BF1090 /* CaliDataModel3.xcdatamodel in Sources */,
				58E13A5E1C5FC0D800BF1090 /* CaliSearchField.m in Sources */,
				58E13AC51C6194DD00BF1090 /* CaliCommandManagedObject.m in Sources */,
				58E13AF81C621EC500BF1090 /* PSMOverflowPopUpButton.m in Sources */,
				58E13ACE1C61BDEF00BF1090 /* CaliDocumentsListCell.m in Sources */,
				58E13A7B1C61142C00BF1090 /* CaliDataModel4.xcdatamodeld in Sources */,
				58E13AB21C6192F000BF1090 /* CaliSyntaxDefinitionManagedObject.m in Sources */,
				58E13AD71C61DEC200BF1090 /* CaliInterfacePerformer.m in Sources */,
				58E13AFB1C621EC500BF1090 /* PSMTabBarControl.m in Sources */,
			);
			runOnlyForDeploymentPostprocessing = 0;
		};
		5853152D1C5E722600D6BFFD /* Sources */ = {
			isa = PBXSourcesBuildPhase;
			buildActionMask = 2147483647;
			files = (
				585315361C5E722600D6BFFD /* DocumentDemoTests.m in Sources */,
			);
			runOnlyForDeploymentPostprocessing = 0;
		};
		585315381C5E722600D6BFFD /* Sources */ = {
			isa = PBXSourcesBuildPhase;
			buildActionMask = 2147483647;
			files = (
				585315411C5E722600D6BFFD /* DocumentDemoUITests.m in Sources */,
			);
			runOnlyForDeploymentPostprocessing = 0;
		};
/* End PBXSourcesBuildPhase section */

/* Begin PBXTargetDependency section */
		585315331C5E722600D6BFFD /* PBXTargetDependency */ = {
			isa = PBXTargetDependency;
			target = 585315171C5E722500D6BFFD /* DocumentDemo */;
			targetProxy = 585315321C5E722600D6BFFD /* PBXContainerItemProxy */;
		};
		5853153E1C5E722600D6BFFD /* PBXTargetDependency */ = {
			isa = PBXTargetDependency;
			target = 585315171C5E722500D6BFFD /* DocumentDemo */;
			targetProxy = 5853153D1C5E722600D6BFFD /* PBXContainerItemProxy */;
		};
/* End PBXTargetDependency section */

/* Begin PBXVariantGroup section */
		585315291C5E722500D6BFFD /* MainMenu.xib */ = {
			isa = PBXVariantGroup;
			children = (
				5853152A1C5E722500D6BFFD /* Base */,
			);
			name = MainMenu.xib;
			sourceTree = "<group>";
		};
/* End PBXVariantGroup section */

/* Begin XCBuildConfiguration section */
		585315431C5E722600D6BFFD /* Debug */ = {
			isa = XCBuildConfiguration;
			buildSettings = {
				ALWAYS_SEARCH_USER_PATHS = NO;
				CLANG_CXX_LANGUAGE_STANDARD = "gnu++0x";
				CLANG_CXX_LIBRARY = "libc++";
				CLANG_ENABLE_MODULES = YES;
				CLANG_ENABLE_OBJC_ARC = YES;
				CLANG_WARN_BOOL_CONVERSION = YES;
				CLANG_WARN_CONSTANT_CONVERSION = YES;
				CLANG_WARN_DIRECT_OBJC_ISA_USAGE = YES_ERROR;
				CLANG_WARN_EMPTY_BODY = YES;
				CLANG_WARN_ENUM_CONVERSION = YES;
				CLANG_WARN_INT_CONVERSION = YES;
				CLANG_WARN_OBJC_ROOT_CLASS = YES_ERROR;
				CLANG_WARN_UNREACHABLE_CODE = YES;
				CLANG_WARN__DUPLICATE_METHOD_MATCH = YES;
				CODE_SIGN_IDENTITY = "-";
				COPY_PHASE_STRIP = NO;
				DEBUG_INFORMATION_FORMAT = dwarf;
				ENABLE_STRICT_OBJC_MSGSEND = YES;
				ENABLE_TESTABILITY = YES;
				GCC_C_LANGUAGE_STANDARD = gnu99;
				GCC_DYNAMIC_NO_PIC = NO;
				GCC_NO_COMMON_BLOCKS = YES;
				GCC_OPTIMIZATION_LEVEL = 0;
				GCC_PREPROCESSOR_DEFINITIONS = (
					"DEBUG=1",
					"$(inherited)",
				);
				GCC_WARN_64_TO_32_BIT_CONVERSION = YES;
				GCC_WARN_ABOUT_RETURN_TYPE = YES_ERROR;
				GCC_WARN_UNDECLARED_SELECTOR = YES;
				GCC_WARN_UNINITIALIZED_AUTOS = YES_AGGRESSIVE;
				GCC_WARN_UNUSED_FUNCTION = YES;
				GCC_WARN_UNUSED_VARIABLE = YES;
				MACOSX_DEPLOYMENT_TARGET = 10.10;
				MTL_ENABLE_DEBUG_INFO = YES;
				ONLY_ACTIVE_ARCH = YES;
				SDKROOT = macosx;
			};
			name = Debug;
		};
		585315441C5E722600D6BFFD /* Release */ = {
			isa = XCBuildConfiguration;
			buildSettings = {
				ALWAYS_SEARCH_USER_PATHS = NO;
				CLANG_CXX_LANGUAGE_STANDARD = "gnu++0x";
				CLANG_CXX_LIBRARY = "libc++";
				CLANG_ENABLE_MODULES = YES;
				CLANG_ENABLE_OBJC_ARC = YES;
				CLANG_WARN_BOOL_CONVERSION = YES;
				CLANG_WARN_CONSTANT_CONVERSION = YES;
				CLANG_WARN_DIRECT_OBJC_ISA_USAGE = YES_ERROR;
				CLANG_WARN_EMPTY_BODY = YES;
				CLANG_WARN_ENUM_CONVERSION = YES;
				CLANG_WARN_INT_CONVERSION = YES;
				CLANG_WARN_OBJC_ROOT_CLASS = YES_ERROR;
				CLANG_WARN_UNREACHABLE_CODE = YES;
				CLANG_WARN__DUPLICATE_METHOD_MATCH = YES;
				CODE_SIGN_IDENTITY = "-";
				COPY_PHASE_STRIP = NO;
				DEBUG_INFORMATION_FORMAT = "dwarf-with-dsym";
				ENABLE_NS_ASSERTIONS = NO;
				ENABLE_STRICT_OBJC_MSGSEND = YES;
				GCC_C_LANGUAGE_STANDARD = gnu99;
				GCC_NO_COMMON_BLOCKS = YES;
				GCC_WARN_64_TO_32_BIT_CONVERSION = YES;
				GCC_WARN_ABOUT_RETURN_TYPE = YES_ERROR;
				GCC_WARN_UNDECLARED_SELECTOR = YES;
				GCC_WARN_UNINITIALIZED_AUTOS = YES_AGGRESSIVE;
				GCC_WARN_UNUSED_FUNCTION = YES;
				GCC_WARN_UNUSED_VARIABLE = YES;
				MACOSX_DEPLOYMENT_TARGET = 10.10;
				MTL_ENABLE_DEBUG_INFO = NO;
				SDKROOT = macosx;
			};
			name = Release;
		};
		585315461C5E722600D6BFFD /* Debug */ = {
			isa = XCBuildConfiguration;
			buildSettings = {
				ASSETCATALOG_COMPILER_APPICON_NAME = AppIcon;
				COMBINE_HIDPI_IMAGES = YES;
				INFOPLIST_FILE = DocumentDemo/Info.plist;
				LD_RUNPATH_SEARCH_PATHS = "$(inherited) @executable_path/../Frameworks";
				PRODUCT_BUNDLE_IDENTIFIER = "liqun-corp.DocumentDemo";
				PRODUCT_NAME = "$(TARGET_NAME)";
			};
			name = Debug;
		};
		585315471C5E722600D6BFFD /* Release */ = {
			isa = XCBuildConfiguration;
			buildSettings = {
				ASSETCATALOG_COMPILER_APPICON_NAME = AppIcon;
				COMBINE_HIDPI_IMAGES = YES;
				INFOPLIST_FILE = DocumentDemo/Info.plist;
				LD_RUNPATH_SEARCH_PATHS = "$(inherited) @executable_path/../Frameworks";
				PRODUCT_BUNDLE_IDENTIFIER = "liqun-corp.DocumentDemo";
				PRODUCT_NAME = "$(TARGET_NAME)";
			};
			name = Release;
		};
		585315491C5E722600D6BFFD /* Debug */ = {
			isa = XCBuildConfiguration;
			buildSettings = {
				BUNDLE_LOADER = "$(TEST_HOST)";
				COMBINE_HIDPI_IMAGES = YES;
				INFOPLIST_FILE = DocumentDemoTests/Info.plist;
				LD_RUNPATH_SEARCH_PATHS = "$(inherited) @executable_path/../Frameworks @loader_path/../Frameworks";
				PRODUCT_BUNDLE_IDENTIFIER = "liqun-corp.DocumentDemoTests";
				PRODUCT_NAME = "$(TARGET_NAME)";
				TEST_HOST = "$(BUILT_PRODUCTS_DIR)/DocumentDemo.app/Contents/MacOS/DocumentDemo";
			};
			name = Debug;
		};
		5853154A1C5E722600D6BFFD /* Release */ = {
			isa = XCBuildConfiguration;
			buildSettings = {
				BUNDLE_LOADER = "$(TEST_HOST)";
				COMBINE_HIDPI_IMAGES = YES;
				INFOPLIST_FILE = DocumentDemoTests/Info.plist;
				LD_RUNPATH_SEARCH_PATHS = "$(inherited) @executable_path/../Frameworks @loader_path/../Frameworks";
				PRODUCT_BUNDLE_IDENTIFIER = "liqun-corp.DocumentDemoTests";
				PRODUCT_NAME = "$(TARGET_NAME)";
				TEST_HOST = "$(BUILT_PRODUCTS_DIR)/DocumentDemo.app/Contents/MacOS/DocumentDemo";
			};
			name = Release;
		};
		5853154C1C5E722600D6BFFD /* Debug */ = {
			isa = XCBuildConfiguration;
			buildSettings = {
				COMBINE_HIDPI_IMAGES = YES;
				INFOPLIST_FILE = DocumentDemoUITests/Info.plist;
				LD_RUNPATH_SEARCH_PATHS = "$(inherited) @executable_path/../Frameworks @loader_path/../Frameworks";
				PRODUCT_BUNDLE_IDENTIFIER = "liqun-corp.DocumentDemoUITests";
				PRODUCT_NAME = "$(TARGET_NAME)";
				TEST_TARGET_NAME = DocumentDemo;
				USES_XCTRUNNER = YES;
			};
			name = Debug;
		};
		5853154D1C5E722600D6BFFD /* Release */ = {
			isa = XCBuildConfiguration;
			buildSettings = {
				COMBINE_HIDPI_IMAGES = YES;
				INFOPLIST_FILE = DocumentDemoUITests/Info.plist;
				LD_RUNPATH_SEARCH_PATHS = "$(inherited) @executable_path/../Frameworks @loader_path/../Frameworks";
				PRODUCT_BUNDLE_IDENTIFIER = "liqun-corp.DocumentDemoUITests";
				PRODUCT_NAME = "$(TARGET_NAME)";
				TEST_TARGET_NAME = DocumentDemo;
				USES_XCTRUNNER = YES;
			};
			name = Release;
		};
/* End XCBuildConfiguration section */

/* Begin XCConfigurationList section */
		585315131C5E722500D6BFFD /* Build configuration list for PBXProject "DocumentDemo" */ = {
			isa = XCConfigurationList;
			buildConfigurations = (
				585315431C5E722600D6BFFD /* Debug */,
				585315441C5E722600D6BFFD /* Release */,
			);
			defaultConfigurationIsVisible = 0;
			defaultConfigurationName = Release;
		};
		585315451C5E722600D6BFFD /* Build configuration list for PBXNativeTarget "DocumentDemo" */ = {
			isa = XCConfigurationList;
			buildConfigurations = (
				585315461C5E722600D6BFFD /* Debug */,
				585315471C5E722600D6BFFD /* Release */,
			);
			defaultConfigurationIsVisible = 0;
			defaultConfigurationName = Release;
		};
		585315481C5E722600D6BFFD /* Build configuration list for PBXNativeTarget "DocumentDemoTests" */ = {
			isa = XCConfigurationList;
			buildConfigurations = (
				585315491C5E722600D6BFFD /* Debug */,
				5853154A1C5E722600D6BFFD /* Release */,
			);
			defaultConfigurationIsVisible = 0;
			defaultConfigurationName = Release;
		};
		5853154B1C5E722600D6BFFD /* Build configuration list for PBXNativeTarget "DocumentDemoUITests" */ = {
			isa = XCConfigurationList;
			buildConfigurations = (
				5853154C1C5E722600D6BFFD /* Debug */,
				5853154D1C5E722600D6BFFD /* Release */,
			);
			defaultConfigurationIsVisible = 0;
			defaultConfigurationName = Release;
		};
/* End XCConfigurationList section */

/* Begin XCVersionGroup section */
		58E13A771C61142C00BF1090 /* CaliDataModel4.xcdatamodeld */ = {
			isa = XCVersionGroup;
			children = (
				58E13A781C61142C00BF1090 /* CaliDataModel 2.xcdatamodel */,
				58E13A791C61142C00BF1090 /* CaliDataModel3.xcdatamodel */,
				58E13A7A1C61142C00BF1090 /* CaliDataModel4.xcdatamodel */,
			);
			currentVersion = 58E13A791C61142C00BF1090 /* CaliDataModel3.xcdatamodel */;
			path = CaliDataModel4.xcdatamodeld;
			sourceTree = "<group>";
			versionGroupType = wrapper.xcdatamodel;
		};
/* End XCVersionGroup section */
	};
	rootObject = 585315101C5E722500D6BFFD /* Project object */;
}
